{
  "name": "QuanuX",
  "lockfileVersion": 3,
  "requires": true,
  "packages": {
    "": {
      "dependencies": {
        "corepack": "^0.34.2"
      }
    },
    "node_modules/corepack": {
      "version": "0.34.2",
      "resolved": "https://registry.npmjs.org/corepack/-/corepack-0.34.2.tgz",
      "integrity": "sha512-pNlZwsxQ7W+Sgj5SMiTxwUMMv8rKqEetznMytt+LGW6uk/chZsLGRl1TIO7OjGIfCqkvqURB1yaTK5KzdEEeSA==",
      "license": "MIT",
      "bin": {
        "corepack": "dist/corepack.js",
        "pnpm": "dist/pnpm.js",
        "pnpx": "dist/pnpx.js",
        "yarn": "dist/yarn.js",
        "yarnpkg": "dist/yarnpkg.js"
      },
      "engines": {
        "node": "^20.10.0 || ^22.11.0 || >=24.0.0"
      }
    }
  }
}
