{
  "version": 4,
  "terraform_version": "1.14.6",
  "serial": 23,
  "lineage": "a3126159-62cc-aad8-01b2-dc5018b3b19f",
  "outputs": {
    "quanux_edge_nyc_2_internal_ip": {
      "value": "10.10.10.2",
      "type": "string"
    },
    "quanux_edge_nyc_2_public_ip": {
      "value": "159.65.163.23",
      "type": "string"
    },
    "quanux_edge_nyc_internal_ip": {
      "value": "10.10.10.3",
      "type": "string"
    },
    "quanux_edge_nyc_public_ip": {
      "value": "159.203.84.61",
      "type": "string"
    },
    "quanux_panopticon_buffer_internal_ip": {
      "value": "10.10.10.5",
      "type": "string"
    },
    "quanux_panopticon_buffer_public_ip": {
      "value": "142.93.70.179",
      "type": "string"
    },
    "quanux_panopticon_ledger_internal_ip": {
      "value": "10.10.10.6",
      "type": "string"
    },
    "quanux_panopticon_ledger_public_ip": {
      "value": "162.243.186.202",
      "type": "string"
    }
  },
  "resources": [
    {
      "mode": "managed",
      "type": "digitalocean_droplet",
      "name": "edge_nyc",
      "provider": "provider[\"registry.terraform.io/digitalocean/digitalocean\"]",
      "instances": [
        {
          "schema_version": 1,
          "attributes": {
            "backup_policy": [],
            "backups": false,
            "created_at": "2026-03-03T16:24:10Z",
            "disk": 80,
            "droplet_agent": null,
            "graceful_shutdown": false,
            "id": "555721111",
            "image": "ubuntu-24-04-x64",
            "ipv4_address": "159.203.84.61",
            "ipv4_address_private": "10.10.10.3",
            "ipv6": false,
            "ipv6_address": "",
            "locked": false,
            "memory": 4096,
            "monitoring": false,
            "name": "quanux-edge-nyc",
            "price_hourly": 0.03571,
            "price_monthly": 24,
            "private_networking": true,
            "region": "nyc3",
            "resize_disk": true,
            "size": "s-2vcpu-4gb",
            "ssh_keys": [
              "d8:f5:81:f5:0b:cb:bc:d5:28:55:c3:25:69:8f:af:ee"
            ],
            "status": "active",
            "tags": [
              "quanux-edge",
              "quanux-node"
            ],
            "timeouts": null,
            "urn": "do:droplet:555721111",
            "user_data": null,
            "vcpus": 2,
            "volume_ids": [],
            "vpc_uuid": "56258f60-ebce-42e7-9775-6099d798bb6b"
          },
          "sensitive_attributes": [],
          "identity_schema_version": 0,
          "private": "eyJlMmJmYjczMC1lY2FhLTExZTYtOGY4OC0zNDM2M2JjN2M0YzAiOnsiY3JlYXRlIjozNjAwMDAwMDAwMDAwLCJkZWxldGUiOjYwMDAwMDAwMDAwLCJ1cGRhdGUiOjM2MDAwMDAwMDAwMDB9LCJzY2hlbWFfdmVyc2lvbiI6IjEifQ==",
          "dependencies": [
            "digitalocean_vpc.quanux_matrix"
          ]
        }
      ]
    },
    {
      "mode": "managed",
      "type": "digitalocean_droplet",
      "name": "edge_nyc_2",
      "provider": "provider[\"registry.terraform.io/digitalocean/digitalocean\"]",
      "instances": [
        {
          "schema_version": 1,
          "attributes": {
            "backup_policy": [],
            "backups": false,
            "created_at": "2026-03-03T16:24:10Z",
            "disk": 80,
            "droplet_agent": null,
            "graceful_shutdown": false,
            "id": "555721110",
            "image": "ubuntu-24-04-x64",
            "ipv4_address": "159.65.163.23",
            "ipv4_address_private": "10.10.10.2",
            "ipv6": false,
            "ipv6_address": "",
            "locked": false,
            "memory": 4096,
            "monitoring": false,
            "name": "quanux-edge-nyc-2",
            "price_hourly": 0.03571,
            "price_monthly": 24,
            "private_networking": true,
            "region": "nyc3",
            "resize_disk": true,
            "size": "s-2vcpu-4gb",
            "ssh_keys": [
              "d8:f5:81:f5:0b:cb:bc:d5:28:55:c3:25:69:8f:af:ee"
            ],
            "status": "active",
            "tags": [
              "quanux-edge",
              "quanux-node"
            ],
            "timeouts": null,
            "urn": "do:droplet:555721110",
            "user_data": null,
            "vcpus": 2,
            "volume_ids": [],
            "vpc_uuid": "56258f60-ebce-42e7-9775-6099d798bb6b"
          },
          "sensitive_attributes": [],
          "identity_schema_version": 0,
          "private": "eyJlMmJmYjczMC1lY2FhLTExZTYtOGY4OC0zNDM2M2JjN2M0YzAiOnsiY3JlYXRlIjozNjAwMDAwMDAwMDAwLCJkZWxldGUiOjYwMDAwMDAwMDAwLCJ1cGRhdGUiOjM2MDAwMDAwMDAwMDB9LCJzY2hlbWFfdmVyc2lvbiI6IjEifQ==",
          "dependencies": [
            "digitalocean_vpc.quanux_matrix"
          ]
        }
      ]
    },
    {
      "mode": "managed",
      "type": "digitalocean_droplet",
      "name": "panopticon_buffer",
      "provider": "provider[\"registry.terraform.io/digitalocean/digitalocean\"]",
      "instances": [
        {
          "schema_version": 1,
          "attributes": {
            "backup_policy": [],
            "backups": false,
            "created_at": "2026-03-03T16:52:53Z",
            "disk": 80,
            "droplet_agent": null,
            "graceful_shutdown": false,
            "id": "555725825",
            "image": "ubuntu-24-04-x64",
            "ipv4_address": "142.93.70.179",
            "ipv4_address_private": "10.10.10.5",
            "ipv6": false,
            "ipv6_address": "",
            "locked": false,
            "memory": 4096,
            "monitoring": false,
            "name": "quanux-panopticon-buffer",
            "price_hourly": 0.03571,
            "price_monthly": 24,
            "private_networking": true,
            "region": "nyc3",
            "resize_disk": true,
            "size": "s-2vcpu-4gb",
            "ssh_keys": [
              "d8:f5:81:f5:0b:cb:bc:d5:28:55:c3:25:69:8f:af:ee"
            ],
            "status": "active",
            "tags": [
              "quanux-node",
              "quanux-panopticon"
            ],
            "timeouts": null,
            "urn": "do:droplet:555725825",
            "user_data": null,
            "vcpus": 2,
            "volume_ids": [],
            "vpc_uuid": "56258f60-ebce-42e7-9775-6099d798bb6b"
          },
          "sensitive_attributes": [],
          "identity_schema_version": 0,
          "private": "eyJlMmJmYjczMC1lY2FhLTExZTYtOGY4OC0zNDM2M2JjN2M0YzAiOnsiY3JlYXRlIjozNjAwMDAwMDAwMDAwLCJkZWxldGUiOjYwMDAwMDAwMDAwLCJ1cGRhdGUiOjM2MDAwMDAwMDAwMDB9LCJzY2hlbWFfdmVyc2lvbiI6IjEifQ==",
          "dependencies": [
            "digitalocean_vpc.quanux_matrix"
          ]
        }
      ]
    },
    {
      "mode": "managed",
      "type": "digitalocean_droplet",
      "name": "panopticon_ledger",
      "provider": "provider[\"registry.terraform.io/digitalocean/digitalocean\"]",
      "instances": [
        {
          "schema_version": 1,
          "attributes": {
            "backup_policy": [],
            "backups": false,
            "created_at": "2026-03-03T16:52:53Z",
            "disk": 160,
            "droplet_agent": null,
            "graceful_shutdown": false,
            "id": "555725827",
            "image": "ubuntu-24-04-x64",
            "ipv4_address": "162.243.186.202",
            "ipv4_address_private": "10.10.10.6",
            "ipv6": false,
            "ipv6_address": "",
            "locked": false,
            "memory": 8192,
            "monitoring": false,
            "name": "quanux-panopticon-ledger",
            "price_hourly": 0.07143,
            "price_monthly": 48,
            "private_networking": true,
            "region": "nyc3",
            "resize_disk": true,
            "size": "s-4vcpu-8gb",
            "ssh_keys": [
              "d8:f5:81:f5:0b:cb:bc:d5:28:55:c3:25:69:8f:af:ee"
            ],
            "status": "active",
            "tags": [
              "quanux-node",
              "quanux-panopticon"
            ],
            "timeouts": null,
            "urn": "do:droplet:555725827",
            "user_data": null,
            "vcpus": 4,
            "volume_ids": [],
            "vpc_uuid": "56258f60-ebce-42e7-9775-6099d798bb6b"
          },
          "sensitive_attributes": [],
          "identity_schema_version": 0,
          "private": "eyJlMmJmYjczMC1lY2FhLTExZTYtOGY4OC0zNDM2M2JjN2M0YzAiOnsiY3JlYXRlIjozNjAwMDAwMDAwMDAwLCJkZWxldGUiOjYwMDAwMDAwMDAwLCJ1cGRhdGUiOjM2MDAwMDAwMDAwMDB9LCJzY2hlbWFfdmVyc2lvbiI6IjEifQ==",
          "dependencies": [
            "digitalocean_vpc.quanux_matrix"
          ]
        }
      ]
    },
    {
      "mode": "managed",
      "type": "digitalocean_firewall",
      "name": "paranoia",
      "provider": "provider[\"registry.terraform.io/digitalocean/digitalocean\"]",
      "instances": [
        {
          "schema_version": 0,
          "attributes": {
            "created_at": "2026-03-03T16:24:44Z",
            "droplet_ids": [
              555721110,
              555721111,
              555725825,
              555725827
            ],
            "id": "8688bb6a-36c1-4f43-a454-4720bdef8d5d",
            "inbound_rule": [
              {
                "port_range": "1-65535",
                "protocol": "tcp",
                "source_addresses": [
                  "10.10.10.0/24"
                ],
                "source_droplet_ids": [],
                "source_kubernetes_ids": [],
                "source_load_balancer_uids": [],
                "source_tags": []
              },
              {
                "port_range": "1-65535",
                "protocol": "udp",
                "source_addresses": [
                  "10.10.10.0/24"
                ],
                "source_droplet_ids": [],
                "source_kubernetes_ids": [],
                "source_load_balancer_uids": [],
                "source_tags": []
              },
              {
                "port_range": "22",
                "protocol": "tcp",
                "source_addresses": [
                  "98.117.91.75"
                ],
                "source_droplet_ids": [],
                "source_kubernetes_ids": [],
                "source_load_balancer_uids": [],
                "source_tags": []
              }
            ],
            "name": "quanux-paranoia-firewall",
            "outbound_rule": [
              {
                "destination_addresses": [
                  "0.0.0.0/0",
                  "::/0"
                ],
                "destination_droplet_ids": [],
                "destination_kubernetes_ids": [],
                "destination_load_balancer_uids": [],
                "destination_tags": [],
                "port_range": "",
                "protocol": "icmp"
              },
              {
                "destination_addresses": [
                  "0.0.0.0/0",
                  "::/0"
                ],
                "destination_droplet_ids": [],
                "destination_kubernetes_ids": [],
                "destination_load_balancer_uids": [],
                "destination_tags": [],
                "port_range": "1-65535",
                "protocol": "tcp"
              },
              {
                "destination_addresses": [
                  "0.0.0.0/0",
                  "::/0"
                ],
                "destination_droplet_ids": [],
                "destination_kubernetes_ids": [],
                "destination_load_balancer_uids": [],
                "destination_tags": [],
                "port_range": "1-65535",
                "protocol": "udp"
              }
            ],
            "pending_changes": [
              {
                "droplet_id": 555725825,
                "removing": false,
                "status": "waiting"
              },
              {
                "droplet_id": 555725827,
                "removing": false,
                "status": "waiting"
              }
            ],
            "status": "waiting",
            "tags": []
          },
          "sensitive_attributes": [],
          "identity_schema_version": 0,
          "private": "bnVsbA==",
          "dependencies": [
            "digitalocean_droplet.edge_nyc",
            "digitalocean_droplet.edge_nyc_2",
            "digitalocean_droplet.panopticon_buffer",
            "digitalocean_droplet.panopticon_ledger",
            "digitalocean_vpc.quanux_matrix"
          ]
        }
      ]
    },
    {
      "mode": "managed",
      "type": "digitalocean_vpc",
      "name": "quanux_matrix",
      "provider": "provider[\"registry.terraform.io/digitalocean/digitalocean\"]",
      "instances": [
        {
          "schema_version": 0,
          "attributes": {
            "created_at": "2026-03-03 16:24:09 +0000 UTC",
            "default": false,
            "description": "Absolute isolated global mesh routing for QuanuX nodes.",
            "id": "56258f60-ebce-42e7-9775-6099d798bb6b",
            "ip_range": "10.10.10.0/24",
            "name": "quanux-vpc-matrix",
            "region": "nyc3",
            "timeouts": null,
            "urn": "do:vpc:56258f60-ebce-42e7-9775-6099d798bb6b"
          },
          "sensitive_attributes": [],
          "identity_schema_version": 0,
          "private": "eyJlMmJmYjczMC1lY2FhLTExZTYtOGY4OC0zNDM2M2JjN2M0YzAiOnsiZGVsZXRlIjoxMjAwMDAwMDAwMDB9fQ=="
        }
      ]
    }
  ],
  "check_results": null
}
