{
  "version": 4,
  "terraform_version": "1.14.6",
  "serial": 369,
  "lineage": "a3126159-62cc-aad8-01b2-dc5018b3b19f",
  "outputs": {
    "quanux_annex_node_internal_ip": {
      "value": "10.10.10.8",
      "type": "string"
    },
    "quanux_annex_node_public_ip": {
      "value": "165.227.65.141",
      "type": "string"
    },
    "quanux_edge_nyc_2_internal_ip": {
      "value": "10.10.10.2",
      "type": "string"
    },
    "quanux_edge_nyc_2_public_ip": {
      "value": "167.71.105.64",
      "type": "string"
    },
    "quanux_edge_nyc_internal_ip": {
      "value": "10.10.10.5",
      "type": "string"
    },
    "quanux_edge_nyc_public_ip": {
      "value": "138.197.19.69",
      "type": "string"
    },
    "quanux_panopticon_buffer_internal_ip": {
      "value": "10.10.10.3",
      "type": "string"
    },
    "quanux_panopticon_buffer_public_ip": {
      "value": "104.236.225.183",
      "type": "string"
    },
    "quanux_panopticon_forge_internal_ip": {
      "value": "10.10.10.10",
      "type": "string"
    },
    "quanux_panopticon_forge_public_ip": {
      "value": "159.203.104.79",
      "type": "string"
    },
    "quanux_panopticon_ledger_internal_ip": {
      "value": "10.10.10.9",
      "type": "string"
    },
    "quanux_panopticon_ledger_public_ip": {
      "value": "142.93.182.113",
      "type": "string"
    },
    "quanux_panopticon_nexus_internal_ip": {
      "value": "10.10.10.7",
      "type": "string"
    },
    "quanux_panopticon_nexus_public_ip": {
      "value": "165.227.77.180",
      "type": "string"
    },
    "quanux_panopticon_oracle_internal_ip": {
      "value": "10.10.10.4",
      "type": "string"
    },
    "quanux_panopticon_oracle_public_ip": {
      "value": "138.197.111.73",
      "type": "string"
    },
    "quanux_panopticon_vault_internal_ip": {
      "value": "10.10.10.6",
      "type": "string"
    },
    "quanux_panopticon_vault_public_ip": {
      "value": "68.183.52.199",
      "type": "string"
    },
    "quanux_zarr_vault_name": {
      "value": "quanux-deep-lake",
      "type": "string"
    }
  },
  "resources": [
    {
      "mode": "managed",
      "type": "digitalocean_firewall",
      "name": "paranoia",
      "provider": "provider[\"registry.terraform.io/digitalocean/digitalocean\"]",
      "instances": [
        {
          "schema_version": 0,
          "attributes": {
            "created_at": "2026-03-15T10:31:48Z",
            "droplet_ids": [
              558420298,
              558420299,
              558420300,
              558420301,
              558420302,
              558420303,
              558420304,
              558420305,
              558420306
            ],
            "id": "b2ee0138-6b7b-4f3c-b60d-bec2f1475abd",
            "inbound_rule": [
              {
                "port_range": "1-65535",
                "protocol": "tcp",
                "source_addresses": [
                  "10.10.10.0/24"
                ],
                "source_droplet_ids": [],
                "source_kubernetes_ids": [],
                "source_load_balancer_uids": [],
                "source_tags": []
              },
              {
                "port_range": "1-65535",
                "protocol": "udp",
                "source_addresses": [
                  "10.10.10.0/24"
                ],
                "source_droplet_ids": [],
                "source_kubernetes_ids": [],
                "source_load_balancer_uids": [],
                "source_tags": []
              },
              {
                "port_range": "22",
                "protocol": "tcp",
                "source_addresses": [
                  "98.117.91.75"
                ],
                "source_droplet_ids": [],
                "source_kubernetes_ids": [],
                "source_load_balancer_uids": [],
                "source_tags": []
              }
            ],
            "name": "quanux-paranoia-firewall",
            "outbound_rule": [
              {
                "destination_addresses": [
                  "0.0.0.0/0",
                  "::/0"
                ],
                "destination_droplet_ids": [],
                "destination_kubernetes_ids": [],
                "destination_load_balancer_uids": [],
                "destination_tags": [],
                "port_range": "",
                "protocol": "icmp"
              },
              {
                "destination_addresses": [
                  "0.0.0.0/0",
                  "::/0"
                ],
                "destination_droplet_ids": [],
                "destination_kubernetes_ids": [],
                "destination_load_balancer_uids": [],
                "destination_tags": [],
                "port_range": "1-65535",
                "protocol": "tcp"
              },
              {
                "destination_addresses": [
                  "0.0.0.0/0",
                  "::/0"
                ],
                "destination_droplet_ids": [],
                "destination_kubernetes_ids": [],
                "destination_load_balancer_uids": [],
                "destination_tags": [],
                "port_range": "1-65535",
                "protocol": "udp"
              }
            ],
            "pending_changes": [],
            "status": "succeeded",
            "tags": []
          },
          "sensitive_attributes": [],
          "identity_schema_version": 0,
          "private": "bnVsbA==",
          "dependencies": [
            "digitalocean_droplet.edge_nyc",
            "digitalocean_droplet.edge_nyc_2",
            "digitalocean_droplet.panopticon_buffer",
            "digitalocean_droplet.panopticon_forge",
            "digitalocean_droplet.panopticon_ledger",
            "digitalocean_droplet.panopticon_nexus",
            "digitalocean_droplet.panopticon_oracle",
            "digitalocean_droplet.panopticon_vault",
            "digitalocean_droplet.quanux_annex_node",
            "digitalocean_vpc.quanux_matrix"
          ]
        }
      ]
    },
    {
      "mode": "managed",
      "type": "digitalocean_vpc",
      "name": "quanux_matrix",
      "provider": "provider[\"registry.terraform.io/digitalocean/digitalocean\"]",
      "instances": [
        {
          "schema_version": 0,
          "attributes": {
            "created_at": "2026-03-15 10:31:03 +0000 UTC",
            "default": false,
            "description": "Absolute isolated global mesh routing for QuanuX nodes.",
            "id": "56f850e6-71cd-4a68-8eab-84cb4397c8cf",
            "ip_range": "10.10.10.0/24",
            "name": "quanux-vpc-matrix",
            "region": "nyc3",
            "timeouts": null,
            "urn": "do:vpc:56f850e6-71cd-4a68-8eab-84cb4397c8cf"
          },
          "sensitive_attributes": [],
          "identity_schema_version": 0,
          "private": "eyJlMmJmYjczMC1lY2FhLTExZTYtOGY4OC0zNDM2M2JjN2M0YzAiOnsiZGVsZXRlIjoxMjAwMDAwMDAwMDB9fQ=="
        }
      ]
    }
  ],
  "check_results": null
}
