{
  "version": 4,
  "terraform_version": "1.14.6",
  "serial": 301,
  "lineage": "a3126159-62cc-aad8-01b2-dc5018b3b19f",
  "outputs": {
    "quanux_edge_nyc_2_internal_ip": {
      "value": "10.10.10.2",
      "type": "string"
    },
    "quanux_edge_nyc_2_public_ip": {
      "value": "159.65.189.97",
      "type": "string"
    },
    "quanux_edge_nyc_internal_ip": {
      "value": "10.10.10.8",
      "type": "string"
    },
    "quanux_edge_nyc_public_ip": {
      "value": "45.55.86.176",
      "type": "string"
    },
    "quanux_panopticon_buffer_internal_ip": {
      "value": "10.10.10.5",
      "type": "string"
    },
    "quanux_panopticon_buffer_public_ip": {
      "value": "159.89.182.40",
      "type": "string"
    },
    "quanux_panopticon_forge_internal_ip": {
      "value": "10.10.10.6",
      "type": "string"
    },
    "quanux_panopticon_forge_public_ip": {
      "value": "104.131.79.76",
      "type": "string"
    },
    "quanux_panopticon_ledger_internal_ip": {
      "value": "10.10.10.7",
      "type": "string"
    },
    "quanux_panopticon_ledger_public_ip": {
      "value": "161.35.141.236",
      "type": "string"
    },
    "quanux_panopticon_nexus_internal_ip": {
      "value": "10.10.10.4",
      "type": "string"
    },
    "quanux_panopticon_nexus_public_ip": {
      "value": "138.197.45.154",
      "type": "string"
    },
    "quanux_panopticon_oracle_internal_ip": {
      "value": "10.10.10.9",
      "type": "string"
    },
    "quanux_panopticon_oracle_public_ip": {
      "value": "138.197.12.68",
      "type": "string"
    },
    "quanux_panopticon_vault_internal_ip": {
      "value": "10.10.10.3",
      "type": "string"
    },
    "quanux_panopticon_vault_public_ip": {
      "value": "45.55.55.98",
      "type": "string"
    }
  },
  "resources": [
    {
      "mode": "managed",
      "type": "digitalocean_droplet",
      "name": "edge_nyc",
      "provider": "provider[\"registry.terraform.io/digitalocean/digitalocean\"]",
      "instances": [
        {
          "schema_version": 1,
          "attributes": {
            "backup_policy": [],
            "backups": false,
            "created_at": "2026-03-05T13:38:59Z",
            "disk": 80,
            "droplet_agent": null,
            "graceful_shutdown": false,
            "id": "556155647",
            "image": "ubuntu-24-04-x64",
            "ipv4_address": "45.55.86.176",
            "ipv4_address_private": "10.10.10.8",
            "ipv6": false,
            "ipv6_address": "",
            "locked": false,
            "memory": 4096,
            "monitoring": false,
            "name": "quanux-edge-nyc",
            "price_hourly": 0.03571,
            "price_monthly": 24,
            "private_networking": true,
            "region": "nyc3",
            "resize_disk": true,
            "size": "s-2vcpu-4gb",
            "ssh_keys": [
              "d8:f5:81:f5:0b:cb:bc:d5:28:55:c3:25:69:8f:af:ee"
            ],
            "status": "active",
            "tags": [
              "quanux-edge",
              "quanux-node"
            ],
            "timeouts": null,
            "urn": "do:droplet:556155647",
            "user_data": null,
            "vcpus": 2,
            "volume_ids": [],
            "vpc_uuid": "d6522686-1cf9-44d7-be38-cd44d9ba8d07"
          },
          "sensitive_attributes": [],
          "identity_schema_version": 0,
          "private": "eyJlMmJmYjczMC1lY2FhLTExZTYtOGY4OC0zNDM2M2JjN2M0YzAiOnsiY3JlYXRlIjozNjAwMDAwMDAwMDAwLCJkZWxldGUiOjYwMDAwMDAwMDAwLCJ1cGRhdGUiOjM2MDAwMDAwMDAwMDB9LCJzY2hlbWFfdmVyc2lvbiI6IjEifQ==",
          "dependencies": [
            "digitalocean_vpc.quanux_matrix"
          ]
        }
      ]
    },
    {
      "mode": "managed",
      "type": "digitalocean_droplet",
      "name": "edge_nyc_2",
      "provider": "provider[\"registry.terraform.io/digitalocean/digitalocean\"]",
      "instances": [
        {
          "schema_version": 1,
          "attributes": {
            "backup_policy": [],
            "backups": false,
            "created_at": "2026-03-05T13:38:58Z",
            "disk": 80,
            "droplet_agent": null,
            "graceful_shutdown": false,
            "id": "556155641",
            "image": "ubuntu-24-04-x64",
            "ipv4_address": "159.65.189.97",
            "ipv4_address_private": "10.10.10.2",
            "ipv6": false,
            "ipv6_address": "",
            "locked": false,
            "memory": 4096,
            "monitoring": false,
            "name": "quanux-edge-nyc-2",
            "price_hourly": 0.03571,
            "price_monthly": 24,
            "private_networking": true,
            "region": "nyc3",
            "resize_disk": true,
            "size": "s-2vcpu-4gb",
            "ssh_keys": [
              "d8:f5:81:f5:0b:cb:bc:d5:28:55:c3:25:69:8f:af:ee"
            ],
            "status": "active",
            "tags": [
              "quanux-edge",
              "quanux-node"
            ],
            "timeouts": null,
            "urn": "do:droplet:556155641",
            "user_data": null,
            "vcpus": 2,
            "volume_ids": [],
            "vpc_uuid": "d6522686-1cf9-44d7-be38-cd44d9ba8d07"
          },
          "sensitive_attributes": [],
          "identity_schema_version": 0,
          "private": "eyJlMmJmYjczMC1lY2FhLTExZTYtOGY4OC0zNDM2M2JjN2M0YzAiOnsiY3JlYXRlIjozNjAwMDAwMDAwMDAwLCJkZWxldGUiOjYwMDAwMDAwMDAwLCJ1cGRhdGUiOjM2MDAwMDAwMDAwMDB9LCJzY2hlbWFfdmVyc2lvbiI6IjEifQ==",
          "dependencies": [
            "digitalocean_vpc.quanux_matrix"
          ]
        }
      ]
    },
    {
      "mode": "managed",
      "type": "digitalocean_droplet",
      "name": "panopticon_buffer",
      "provider": "provider[\"registry.terraform.io/digitalocean/digitalocean\"]",
      "instances": [
        {
          "schema_version": 1,
          "attributes": {
            "backup_policy": [],
            "backups": false,
            "created_at": "2026-03-05T13:38:58Z",
            "disk": 80,
            "droplet_agent": null,
            "graceful_shutdown": false,
            "id": "556155646",
            "image": "ubuntu-24-04-x64",
            "ipv4_address": "159.89.182.40",
            "ipv4_address_private": "10.10.10.5",
            "ipv6": false,
            "ipv6_address": "",
            "locked": false,
            "memory": 4096,
            "monitoring": false,
            "name": "quanux-panopticon-buffer",
            "price_hourly": 0.03571,
            "price_monthly": 24,
            "private_networking": true,
            "region": "nyc3",
            "resize_disk": true,
            "size": "s-2vcpu-4gb",
            "ssh_keys": [
              "d8:f5:81:f5:0b:cb:bc:d5:28:55:c3:25:69:8f:af:ee"
            ],
            "status": "active",
            "tags": [
              "quanux-node",
              "quanux-panopticon"
            ],
            "timeouts": null,
            "urn": "do:droplet:556155646",
            "user_data": null,
            "vcpus": 2,
            "volume_ids": [],
            "vpc_uuid": "d6522686-1cf9-44d7-be38-cd44d9ba8d07"
          },
          "sensitive_attributes": [],
          "identity_schema_version": 0,
          "private": "eyJlMmJmYjczMC1lY2FhLTExZTYtOGY4OC0zNDM2M2JjN2M0YzAiOnsiY3JlYXRlIjozNjAwMDAwMDAwMDAwLCJkZWxldGUiOjYwMDAwMDAwMDAwLCJ1cGRhdGUiOjM2MDAwMDAwMDAwMDB9LCJzY2hlbWFfdmVyc2lvbiI6IjEifQ==",
          "dependencies": [
            "digitalocean_vpc.quanux_matrix"
          ]
        }
      ]
    },
    {
      "mode": "managed",
      "type": "digitalocean_droplet",
      "name": "panopticon_forge",
      "provider": "provider[\"registry.terraform.io/digitalocean/digitalocean\"]",
      "instances": [
        {
          "schema_version": 1,
          "attributes": {
            "backup_policy": [],
            "backups": false,
            "created_at": "2026-03-05T13:38:59Z",
            "disk": 80,
            "droplet_agent": null,
            "graceful_shutdown": false,
            "id": "556155649",
            "image": "ubuntu-24-04-x64",
            "ipv4_address": "104.131.79.76",
            "ipv4_address_private": "10.10.10.6",
            "ipv6": false,
            "ipv6_address": "",
            "locked": false,
            "memory": 4096,
            "monitoring": false,
            "name": "quanux-panopticon-forge",
            "price_hourly": 0.03571,
            "price_monthly": 24,
            "private_networking": true,
            "region": "nyc3",
            "resize_disk": true,
            "size": "s-2vcpu-4gb",
            "ssh_keys": [
              "d8:f5:81:f5:0b:cb:bc:d5:28:55:c3:25:69:8f:af:ee"
            ],
            "status": "active",
            "tags": [
              "quanux-aleph",
              "quanux-node",
              "quanux-panopticon"
            ],
            "timeouts": null,
            "urn": "do:droplet:556155649",
            "user_data": null,
            "vcpus": 2,
            "volume_ids": [],
            "vpc_uuid": "d6522686-1cf9-44d7-be38-cd44d9ba8d07"
          },
          "sensitive_attributes": [],
          "identity_schema_version": 0,
          "private": "eyJlMmJmYjczMC1lY2FhLTExZTYtOGY4OC0zNDM2M2JjN2M0YzAiOnsiY3JlYXRlIjozNjAwMDAwMDAwMDAwLCJkZWxldGUiOjYwMDAwMDAwMDAwLCJ1cGRhdGUiOjM2MDAwMDAwMDAwMDB9LCJzY2hlbWFfdmVyc2lvbiI6IjEifQ==",
          "dependencies": [
            "digitalocean_vpc.quanux_matrix"
          ]
        }
      ]
    },
    {
      "mode": "managed",
      "type": "digitalocean_droplet",
      "name": "panopticon_ledger",
      "provider": "provider[\"registry.terraform.io/digitalocean/digitalocean\"]",
      "instances": [
        {
          "schema_version": 1,
          "attributes": {
            "backup_policy": [],
            "backups": false,
            "created_at": "2026-03-05T13:38:58Z",
            "disk": 160,
            "droplet_agent": null,
            "graceful_shutdown": false,
            "id": "556155645",
            "image": "ubuntu-24-04-x64",
            "ipv4_address": "161.35.141.236",
            "ipv4_address_private": "10.10.10.7",
            "ipv6": false,
            "ipv6_address": "",
            "locked": false,
            "memory": 8192,
            "monitoring": false,
            "name": "quanux-panopticon-ledger",
            "price_hourly": 0.07143,
            "price_monthly": 48,
            "private_networking": true,
            "region": "nyc3",
            "resize_disk": true,
            "size": "s-4vcpu-8gb",
            "ssh_keys": [
              "d8:f5:81:f5:0b:cb:bc:d5:28:55:c3:25:69:8f:af:ee"
            ],
            "status": "active",
            "tags": [
              "quanux-node",
              "quanux-panopticon"
            ],
            "timeouts": null,
            "urn": "do:droplet:556155645",
            "user_data": null,
            "vcpus": 4,
            "volume_ids": [],
            "vpc_uuid": "d6522686-1cf9-44d7-be38-cd44d9ba8d07"
          },
          "sensitive_attributes": [],
          "identity_schema_version": 0,
          "private": "eyJlMmJmYjczMC1lY2FhLTExZTYtOGY4OC0zNDM2M2JjN2M0YzAiOnsiY3JlYXRlIjozNjAwMDAwMDAwMDAwLCJkZWxldGUiOjYwMDAwMDAwMDAwLCJ1cGRhdGUiOjM2MDAwMDAwMDAwMDB9LCJzY2hlbWFfdmVyc2lvbiI6IjEifQ==",
          "dependencies": [
            "digitalocean_vpc.quanux_matrix"
          ]
        }
      ]
    },
    {
      "mode": "managed",
      "type": "digitalocean_droplet",
      "name": "panopticon_nexus",
      "provider": "provider[\"registry.terraform.io/digitalocean/digitalocean\"]",
      "instances": [
        {
          "schema_version": 1,
          "attributes": {
            "backup_policy": [],
            "backups": false,
            "created_at": "2026-03-05T13:38:58Z",
            "disk": 160,
            "droplet_agent": null,
            "graceful_shutdown": false,
            "id": "556155644",
            "image": "ubuntu-24-04-x64",
            "ipv4_address": "138.197.45.154",
            "ipv4_address_private": "10.10.10.4",
            "ipv6": false,
            "ipv6_address": "",
            "locked": false,
            "memory": 8192,
            "monitoring": false,
            "name": "quanux-panopticon-nexus",
            "price_hourly": 0.07143,
            "price_monthly": 48,
            "private_networking": true,
            "region": "nyc3",
            "resize_disk": true,
            "size": "s-4vcpu-8gb",
            "ssh_keys": [
              "d8:f5:81:f5:0b:cb:bc:d5:28:55:c3:25:69:8f:af:ee"
            ],
            "status": "active",
            "tags": [
              "quanux-aleph",
              "quanux-node",
              "quanux-panopticon"
            ],
            "timeouts": null,
            "urn": "do:droplet:556155644",
            "user_data": null,
            "vcpus": 4,
            "volume_ids": [],
            "vpc_uuid": "d6522686-1cf9-44d7-be38-cd44d9ba8d07"
          },
          "sensitive_attributes": [],
          "identity_schema_version": 0,
          "private": "eyJlMmJmYjczMC1lY2FhLTExZTYtOGY4OC0zNDM2M2JjN2M0YzAiOnsiY3JlYXRlIjozNjAwMDAwMDAwMDAwLCJkZWxldGUiOjYwMDAwMDAwMDAwLCJ1cGRhdGUiOjM2MDAwMDAwMDAwMDB9LCJzY2hlbWFfdmVyc2lvbiI6IjEifQ==",
          "dependencies": [
            "digitalocean_vpc.quanux_matrix"
          ]
        }
      ]
    },
    {
      "mode": "managed",
      "type": "digitalocean_droplet",
      "name": "panopticon_oracle",
      "provider": "provider[\"registry.terraform.io/digitalocean/digitalocean\"]",
      "instances": [
        {
          "schema_version": 1,
          "attributes": {
            "backup_policy": [],
            "backups": false,
            "created_at": "2026-03-05T13:38:58Z",
            "disk": 160,
            "droplet_agent": null,
            "graceful_shutdown": false,
            "id": "556155642",
            "image": "ubuntu-24-04-x64",
            "ipv4_address": "138.197.12.68",
            "ipv4_address_private": "10.10.10.9",
            "ipv6": false,
            "ipv6_address": "",
            "locked": false,
            "memory": 8192,
            "monitoring": false,
            "name": "quanux-panopticon-oracle",
            "price_hourly": 0.07143,
            "price_monthly": 48,
            "private_networking": true,
            "region": "nyc3",
            "resize_disk": true,
            "size": "s-4vcpu-8gb",
            "ssh_keys": [
              "d8:f5:81:f5:0b:cb:bc:d5:28:55:c3:25:69:8f:af:ee"
            ],
            "status": "active",
            "tags": [
              "quanux-aleph",
              "quanux-node",
              "quanux-panopticon"
            ],
            "timeouts": null,
            "urn": "do:droplet:556155642",
            "user_data": null,
            "vcpus": 4,
            "volume_ids": [],
            "vpc_uuid": "d6522686-1cf9-44d7-be38-cd44d9ba8d07"
          },
          "sensitive_attributes": [],
          "identity_schema_version": 0,
          "private": "eyJlMmJmYjczMC1lY2FhLTExZTYtOGY4OC0zNDM2M2JjN2M0YzAiOnsiY3JlYXRlIjozNjAwMDAwMDAwMDAwLCJkZWxldGUiOjYwMDAwMDAwMDAwLCJ1cGRhdGUiOjM2MDAwMDAwMDAwMDB9LCJzY2hlbWFfdmVyc2lvbiI6IjEifQ==",
          "dependencies": [
            "digitalocean_vpc.quanux_matrix"
          ]
        }
      ]
    },
    {
      "mode": "managed",
      "type": "digitalocean_droplet",
      "name": "panopticon_vault",
      "provider": "provider[\"registry.terraform.io/digitalocean/digitalocean\"]",
      "instances": [
        {
          "schema_version": 1,
          "attributes": {
            "backup_policy": [],
            "backups": false,
            "created_at": "2026-03-05T13:38:58Z",
            "disk": 80,
            "droplet_agent": null,
            "graceful_shutdown": false,
            "id": "556155643",
            "image": "ubuntu-24-04-x64",
            "ipv4_address": "45.55.55.98",
            "ipv4_address_private": "10.10.10.3",
            "ipv6": false,
            "ipv6_address": "",
            "locked": false,
            "memory": 4096,
            "monitoring": false,
            "name": "quanux-panopticon-vault",
            "price_hourly": 0.03571,
            "price_monthly": 24,
            "private_networking": true,
            "region": "nyc3",
            "resize_disk": true,
            "size": "s-2vcpu-4gb",
            "ssh_keys": [
              "d8:f5:81:f5:0b:cb:bc:d5:28:55:c3:25:69:8f:af:ee"
            ],
            "status": "active",
            "tags": [
              "quanux-aleph",
              "quanux-node",
              "quanux-panopticon"
            ],
            "timeouts": null,
            "urn": "do:droplet:556155643",
            "user_data": null,
            "vcpus": 2,
            "volume_ids": [],
            "vpc_uuid": "d6522686-1cf9-44d7-be38-cd44d9ba8d07"
          },
          "sensitive_attributes": [],
          "identity_schema_version": 0,
          "private": "eyJlMmJmYjczMC1lY2FhLTExZTYtOGY4OC0zNDM2M2JjN2M0YzAiOnsiY3JlYXRlIjozNjAwMDAwMDAwMDAwLCJkZWxldGUiOjYwMDAwMDAwMDAwLCJ1cGRhdGUiOjM2MDAwMDAwMDAwMDB9LCJzY2hlbWFfdmVyc2lvbiI6IjEifQ==",
          "dependencies": [
            "digitalocean_vpc.quanux_matrix"
          ]
        }
      ]
    },
    {
      "mode": "managed",
      "type": "digitalocean_firewall",
      "name": "paranoia",
      "provider": "provider[\"registry.terraform.io/digitalocean/digitalocean\"]",
      "instances": [
        {
          "schema_version": 0,
          "attributes": {
            "created_at": "2026-03-05T13:39:32Z",
            "droplet_ids": [
              556155641,
              556155642,
              556155643,
              556155644,
              556155645,
              556155646,
              556155647,
              556155649
            ],
            "id": "e475412a-d843-43b0-aedf-5aa767985c34",
            "inbound_rule": [
              {
                "port_range": "1-65535",
                "protocol": "tcp",
                "source_addresses": [
                  "10.10.10.0/24"
                ],
                "source_droplet_ids": [],
                "source_kubernetes_ids": [],
                "source_load_balancer_uids": [],
                "source_tags": []
              },
              {
                "port_range": "1-65535",
                "protocol": "udp",
                "source_addresses": [
                  "10.10.10.0/24"
                ],
                "source_droplet_ids": [],
                "source_kubernetes_ids": [],
                "source_load_balancer_uids": [],
                "source_tags": []
              },
              {
                "port_range": "22",
                "protocol": "tcp",
                "source_addresses": [
                  "98.117.91.75"
                ],
                "source_droplet_ids": [],
                "source_kubernetes_ids": [],
                "source_load_balancer_uids": [],
                "source_tags": []
              }
            ],
            "name": "quanux-paranoia-firewall",
            "outbound_rule": [
              {
                "destination_addresses": [
                  "0.0.0.0/0",
                  "::/0"
                ],
                "destination_droplet_ids": [],
                "destination_kubernetes_ids": [],
                "destination_load_balancer_uids": [],
                "destination_tags": [],
                "port_range": "",
                "protocol": "icmp"
              },
              {
                "destination_addresses": [
                  "0.0.0.0/0",
                  "::/0"
                ],
                "destination_droplet_ids": [],
                "destination_kubernetes_ids": [],
                "destination_load_balancer_uids": [],
                "destination_tags": [],
                "port_range": "1-65535",
                "protocol": "tcp"
              },
              {
                "destination_addresses": [
                  "0.0.0.0/0",
                  "::/0"
                ],
                "destination_droplet_ids": [],
                "destination_kubernetes_ids": [],
                "destination_load_balancer_uids": [],
                "destination_tags": [],
                "port_range": "1-65535",
                "protocol": "udp"
              }
            ],
            "pending_changes": [
              {
                "droplet_id": 556155641,
                "removing": false,
                "status": "waiting"
              },
              {
                "droplet_id": 556155642,
                "removing": false,
                "status": "waiting"
              },
              {
                "droplet_id": 556155643,
                "removing": false,
                "status": "waiting"
              },
              {
                "droplet_id": 556155644,
                "removing": false,
                "status": "waiting"
              },
              {
                "droplet_id": 556155645,
                "removing": false,
                "status": "waiting"
              },
              {
                "droplet_id": 556155646,
                "removing": false,
                "status": "waiting"
              },
              {
                "droplet_id": 556155647,
                "removing": false,
                "status": "waiting"
              },
              {
                "droplet_id": 556155649,
                "removing": false,
                "status": "waiting"
              }
            ],
            "status": "waiting",
            "tags": null
          },
          "sensitive_attributes": [],
          "identity_schema_version": 0,
          "private": "bnVsbA==",
          "dependencies": [
            "digitalocean_droplet.edge_nyc",
            "digitalocean_droplet.edge_nyc_2",
            "digitalocean_droplet.panopticon_buffer",
            "digitalocean_droplet.panopticon_forge",
            "digitalocean_droplet.panopticon_ledger",
            "digitalocean_droplet.panopticon_nexus",
            "digitalocean_droplet.panopticon_oracle",
            "digitalocean_droplet.panopticon_vault",
            "digitalocean_vpc.quanux_matrix"
          ]
        }
      ]
    },
    {
      "mode": "managed",
      "type": "digitalocean_vpc",
      "name": "quanux_matrix",
      "provider": "provider[\"registry.terraform.io/digitalocean/digitalocean\"]",
      "instances": [
        {
          "schema_version": 0,
          "attributes": {
            "created_at": "2026-03-05 13:38:57 +0000 UTC",
            "default": false,
            "description": "Absolute isolated global mesh routing for QuanuX nodes.",
            "id": "d6522686-1cf9-44d7-be38-cd44d9ba8d07",
            "ip_range": "10.10.10.0/24",
            "name": "quanux-vpc-matrix",
            "region": "nyc3",
            "timeouts": null,
            "urn": "do:vpc:d6522686-1cf9-44d7-be38-cd44d9ba8d07"
          },
          "sensitive_attributes": [],
          "identity_schema_version": 0,
          "private": "eyJlMmJmYjczMC1lY2FhLTExZTYtOGY4OC0zNDM2M2JjN2M0YzAiOnsiZGVsZXRlIjoxMjAwMDAwMDAwMDB9fQ=="
        }
      ]
    }
  ],
  "check_results": null
}
