{
  "version": 4,
  "terraform_version": "1.14.6",
  "serial": 326,
  "lineage": "a3126159-62cc-aad8-01b2-dc5018b3b19f",
  "outputs": {},
  "resources": [
    {
      "mode": "managed",
      "type": "digitalocean_droplet",
      "name": "edge_nyc",
      "provider": "provider[\"registry.terraform.io/digitalocean/digitalocean\"]",
      "instances": [
        {
          "schema_version": 1,
          "attributes": {
            "backup_policy": [],
            "backups": false,
            "created_at": "2026-03-14T14:57:02Z",
            "disk": 80,
            "droplet_agent": null,
            "graceful_shutdown": false,
            "id": "558241613",
            "image": "ubuntu-24-04-x64",
            "ipv4_address": "138.197.95.191",
            "ipv4_address_private": "10.10.10.3",
            "ipv6": false,
            "ipv6_address": "",
            "locked": false,
            "memory": 4096,
            "monitoring": false,
            "name": "quanux-edge-nyc",
            "price_hourly": 0.03571,
            "price_monthly": 24,
            "private_networking": true,
            "region": "nyc3",
            "resize_disk": true,
            "size": "s-2vcpu-4gb",
            "ssh_keys": [
              "d8:f5:81:f5:0b:cb:bc:d5:28:55:c3:25:69:8f:af:ee"
            ],
            "status": "active",
            "tags": [
              "quanux-edge",
              "quanux-node"
            ],
            "timeouts": null,
            "urn": "do:droplet:558241613",
            "user_data": null,
            "vcpus": 2,
            "volume_ids": [],
            "vpc_uuid": "f6c23a0c-cb8e-4d90-ba2d-708aa4c6a9e2"
          },
          "sensitive_attributes": [],
          "identity_schema_version": 0,
          "private": "eyJlMmJmYjczMC1lY2FhLTExZTYtOGY4OC0zNDM2M2JjN2M0YzAiOnsiY3JlYXRlIjozNjAwMDAwMDAwMDAwLCJkZWxldGUiOjYwMDAwMDAwMDAwLCJ1cGRhdGUiOjM2MDAwMDAwMDAwMDB9LCJzY2hlbWFfdmVyc2lvbiI6IjEifQ==",
          "dependencies": [
            "digitalocean_vpc.quanux_matrix"
          ]
        }
      ]
    },
    {
      "mode": "managed",
      "type": "digitalocean_droplet",
      "name": "edge_nyc_2",
      "provider": "provider[\"registry.terraform.io/digitalocean/digitalocean\"]",
      "instances": [
        {
          "schema_version": 1,
          "attributes": {
            "backup_policy": [],
            "backups": false,
            "created_at": "2026-03-14T14:57:03Z",
            "disk": 80,
            "droplet_agent": null,
            "graceful_shutdown": false,
            "id": "558241614",
            "image": "ubuntu-24-04-x64",
            "ipv4_address": "142.93.189.208",
            "ipv4_address_private": "10.10.10.6",
            "ipv6": false,
            "ipv6_address": "",
            "locked": false,
            "memory": 4096,
            "monitoring": false,
            "name": "quanux-edge-nyc-2",
            "price_hourly": 0.03571,
            "price_monthly": 24,
            "private_networking": true,
            "region": "nyc3",
            "resize_disk": true,
            "size": "s-2vcpu-4gb",
            "ssh_keys": [
              "d8:f5:81:f5:0b:cb:bc:d5:28:55:c3:25:69:8f:af:ee"
            ],
            "status": "active",
            "tags": [
              "quanux-edge",
              "quanux-node"
            ],
            "timeouts": null,
            "urn": "do:droplet:558241614",
            "user_data": null,
            "vcpus": 2,
            "volume_ids": [],
            "vpc_uuid": "f6c23a0c-cb8e-4d90-ba2d-708aa4c6a9e2"
          },
          "sensitive_attributes": [],
          "identity_schema_version": 0,
          "private": "eyJlMmJmYjczMC1lY2FhLTExZTYtOGY4OC0zNDM2M2JjN2M0YzAiOnsiY3JlYXRlIjozNjAwMDAwMDAwMDAwLCJkZWxldGUiOjYwMDAwMDAwMDAwLCJ1cGRhdGUiOjM2MDAwMDAwMDAwMDB9LCJzY2hlbWFfdmVyc2lvbiI6IjEifQ==",
          "dependencies": [
            "digitalocean_vpc.quanux_matrix"
          ]
        }
      ]
    },
    {
      "mode": "managed",
      "type": "digitalocean_droplet",
      "name": "panopticon_buffer",
      "provider": "provider[\"registry.terraform.io/digitalocean/digitalocean\"]",
      "instances": [
        {
          "schema_version": 1,
          "attributes": {
            "backup_policy": [],
            "backups": false,
            "created_at": "2026-03-14T14:57:03Z",
            "disk": 80,
            "droplet_agent": null,
            "graceful_shutdown": false,
            "id": "558241617",
            "image": "ubuntu-24-04-x64",
            "ipv4_address": "159.203.79.183",
            "ipv4_address_private": "10.10.10.7",
            "ipv6": false,
            "ipv6_address": "",
            "locked": false,
            "memory": 4096,
            "monitoring": false,
            "name": "quanux-panopticon-buffer",
            "price_hourly": 0.03571,
            "price_monthly": 24,
            "private_networking": true,
            "region": "nyc3",
            "resize_disk": true,
            "size": "s-2vcpu-4gb",
            "ssh_keys": [
              "d8:f5:81:f5:0b:cb:bc:d5:28:55:c3:25:69:8f:af:ee"
            ],
            "status": "active",
            "tags": [
              "quanux-node",
              "quanux-panopticon"
            ],
            "timeouts": null,
            "urn": "do:droplet:558241617",
            "user_data": null,
            "vcpus": 2,
            "volume_ids": [],
            "vpc_uuid": "f6c23a0c-cb8e-4d90-ba2d-708aa4c6a9e2"
          },
          "sensitive_attributes": [],
          "identity_schema_version": 0,
          "private": "eyJlMmJmYjczMC1lY2FhLTExZTYtOGY4OC0zNDM2M2JjN2M0YzAiOnsiY3JlYXRlIjozNjAwMDAwMDAwMDAwLCJkZWxldGUiOjYwMDAwMDAwMDAwLCJ1cGRhdGUiOjM2MDAwMDAwMDAwMDB9LCJzY2hlbWFfdmVyc2lvbiI6IjEifQ==",
          "dependencies": [
            "digitalocean_vpc.quanux_matrix"
          ]
        }
      ]
    },
    {
      "mode": "managed",
      "type": "digitalocean_droplet",
      "name": "panopticon_forge",
      "provider": "provider[\"registry.terraform.io/digitalocean/digitalocean\"]",
      "instances": [
        {
          "schema_version": 1,
          "attributes": {
            "backup_policy": [],
            "backups": false,
            "created_at": "2026-03-14T14:57:02Z",
            "disk": 80,
            "droplet_agent": null,
            "graceful_shutdown": false,
            "id": "558241610",
            "image": "ubuntu-24-04-x64",
            "ipv4_address": "159.65.182.110",
            "ipv4_address_private": "10.10.10.8",
            "ipv6": false,
            "ipv6_address": "",
            "locked": false,
            "memory": 4096,
            "monitoring": false,
            "name": "quanux-panopticon-forge",
            "price_hourly": 0.03571,
            "price_monthly": 24,
            "private_networking": true,
            "region": "nyc3",
            "resize_disk": true,
            "size": "s-2vcpu-4gb",
            "ssh_keys": [
              "d8:f5:81:f5:0b:cb:bc:d5:28:55:c3:25:69:8f:af:ee"
            ],
            "status": "active",
            "tags": [
              "quanux-aleph",
              "quanux-node",
              "quanux-panopticon"
            ],
            "timeouts": null,
            "urn": "do:droplet:558241610",
            "user_data": null,
            "vcpus": 2,
            "volume_ids": [],
            "vpc_uuid": "f6c23a0c-cb8e-4d90-ba2d-708aa4c6a9e2"
          },
          "sensitive_attributes": [],
          "identity_schema_version": 0,
          "private": "eyJlMmJmYjczMC1lY2FhLTExZTYtOGY4OC0zNDM2M2JjN2M0YzAiOnsiY3JlYXRlIjozNjAwMDAwMDAwMDAwLCJkZWxldGUiOjYwMDAwMDAwMDAwLCJ1cGRhdGUiOjM2MDAwMDAwMDAwMDB9LCJzY2hlbWFfdmVyc2lvbiI6IjEifQ==",
          "dependencies": [
            "digitalocean_vpc.quanux_matrix"
          ]
        }
      ]
    },
    {
      "mode": "managed",
      "type": "digitalocean_droplet",
      "name": "panopticon_ledger",
      "provider": "provider[\"registry.terraform.io/digitalocean/digitalocean\"]",
      "instances": [
        {
          "schema_version": 1,
          "attributes": {
            "backup_policy": [],
            "backups": false,
            "created_at": "2026-03-14T14:57:02Z",
            "disk": 160,
            "droplet_agent": null,
            "graceful_shutdown": false,
            "id": "558241611",
            "image": "ubuntu-24-04-x64",
            "ipv4_address": "161.35.141.41",
            "ipv4_address_private": "10.10.10.2",
            "ipv6": false,
            "ipv6_address": "",
            "locked": false,
            "memory": 8192,
            "monitoring": false,
            "name": "quanux-panopticon-ledger",
            "price_hourly": 0.07143,
            "price_monthly": 48,
            "private_networking": true,
            "region": "nyc3",
            "resize_disk": true,
            "size": "s-4vcpu-8gb",
            "ssh_keys": [
              "d8:f5:81:f5:0b:cb:bc:d5:28:55:c3:25:69:8f:af:ee"
            ],
            "status": "active",
            "tags": [
              "quanux-node",
              "quanux-panopticon"
            ],
            "timeouts": null,
            "urn": "do:droplet:558241611",
            "user_data": null,
            "vcpus": 4,
            "volume_ids": [],
            "vpc_uuid": "f6c23a0c-cb8e-4d90-ba2d-708aa4c6a9e2"
          },
          "sensitive_attributes": [],
          "identity_schema_version": 0,
          "private": "eyJlMmJmYjczMC1lY2FhLTExZTYtOGY4OC0zNDM2M2JjN2M0YzAiOnsiY3JlYXRlIjozNjAwMDAwMDAwMDAwLCJkZWxldGUiOjYwMDAwMDAwMDAwLCJ1cGRhdGUiOjM2MDAwMDAwMDAwMDB9LCJzY2hlbWFfdmVyc2lvbiI6IjEifQ==",
          "dependencies": [
            "digitalocean_vpc.quanux_matrix"
          ]
        }
      ]
    },
    {
      "mode": "managed",
      "type": "digitalocean_droplet",
      "name": "panopticon_nexus",
      "provider": "provider[\"registry.terraform.io/digitalocean/digitalocean\"]",
      "instances": [
        {
          "schema_version": 1,
          "attributes": {
            "backup_policy": [],
            "backups": false,
            "created_at": "2026-03-14T14:57:03Z",
            "disk": 160,
            "droplet_agent": null,
            "graceful_shutdown": false,
            "id": "558241618",
            "image": "ubuntu-24-04-x64",
            "ipv4_address": "167.71.104.9",
            "ipv4_address_private": "10.10.10.10",
            "ipv6": false,
            "ipv6_address": "",
            "locked": false,
            "memory": 8192,
            "monitoring": false,
            "name": "quanux-panopticon-nexus",
            "price_hourly": 0.07143,
            "price_monthly": 48,
            "private_networking": true,
            "region": "nyc3",
            "resize_disk": true,
            "size": "s-4vcpu-8gb",
            "ssh_keys": [
              "d8:f5:81:f5:0b:cb:bc:d5:28:55:c3:25:69:8f:af:ee"
            ],
            "status": "active",
            "tags": [
              "quanux-aleph",
              "quanux-node",
              "quanux-panopticon"
            ],
            "timeouts": null,
            "urn": "do:droplet:558241618",
            "user_data": null,
            "vcpus": 4,
            "volume_ids": [],
            "vpc_uuid": "f6c23a0c-cb8e-4d90-ba2d-708aa4c6a9e2"
          },
          "sensitive_attributes": [],
          "identity_schema_version": 0,
          "private": "eyJlMmJmYjczMC1lY2FhLTExZTYtOGY4OC0zNDM2M2JjN2M0YzAiOnsiY3JlYXRlIjozNjAwMDAwMDAwMDAwLCJkZWxldGUiOjYwMDAwMDAwMDAwLCJ1cGRhdGUiOjM2MDAwMDAwMDAwMDB9LCJzY2hlbWFfdmVyc2lvbiI6IjEifQ==",
          "dependencies": [
            "digitalocean_vpc.quanux_matrix"
          ]
        }
      ]
    },
    {
      "mode": "managed",
      "type": "digitalocean_droplet",
      "name": "panopticon_oracle",
      "provider": "provider[\"registry.terraform.io/digitalocean/digitalocean\"]",
      "instances": [
        {
          "schema_version": 1,
          "attributes": {
            "backup_policy": [],
            "backups": false,
            "created_at": "2026-03-14T14:57:02Z",
            "disk": 160,
            "droplet_agent": null,
            "graceful_shutdown": false,
            "id": "558241612",
            "image": "ubuntu-24-04-x64",
            "ipv4_address": "134.209.42.57",
            "ipv4_address_private": "10.10.10.4",
            "ipv6": false,
            "ipv6_address": "",
            "locked": false,
            "memory": 8192,
            "monitoring": false,
            "name": "quanux-panopticon-oracle",
            "price_hourly": 0.07143,
            "price_monthly": 48,
            "private_networking": true,
            "region": "nyc3",
            "resize_disk": true,
            "size": "s-4vcpu-8gb",
            "ssh_keys": [
              "d8:f5:81:f5:0b:cb:bc:d5:28:55:c3:25:69:8f:af:ee"
            ],
            "status": "active",
            "tags": [
              "quanux-aleph",
              "quanux-node",
              "quanux-panopticon"
            ],
            "timeouts": null,
            "urn": "do:droplet:558241612",
            "user_data": null,
            "vcpus": 4,
            "volume_ids": [],
            "vpc_uuid": "f6c23a0c-cb8e-4d90-ba2d-708aa4c6a9e2"
          },
          "sensitive_attributes": [],
          "identity_schema_version": 0,
          "private": "eyJlMmJmYjczMC1lY2FhLTExZTYtOGY4OC0zNDM2M2JjN2M0YzAiOnsiY3JlYXRlIjozNjAwMDAwMDAwMDAwLCJkZWxldGUiOjYwMDAwMDAwMDAwLCJ1cGRhdGUiOjM2MDAwMDAwMDAwMDB9LCJzY2hlbWFfdmVyc2lvbiI6IjEifQ==",
          "dependencies": [
            "digitalocean_vpc.quanux_matrix"
          ]
        }
      ]
    },
    {
      "mode": "managed",
      "type": "digitalocean_droplet",
      "name": "panopticon_vault",
      "provider": "provider[\"registry.terraform.io/digitalocean/digitalocean\"]",
      "instances": [
        {
          "schema_version": 1,
          "attributes": {
            "backup_policy": [],
            "backups": false,
            "created_at": "2026-03-14T14:57:03Z",
            "disk": 80,
            "droplet_agent": null,
            "graceful_shutdown": false,
            "id": "558241616",
            "image": "ubuntu-24-04-x64",
            "ipv4_address": "143.198.12.167",
            "ipv4_address_private": "10.10.10.9",
            "ipv6": false,
            "ipv6_address": "",
            "locked": false,
            "memory": 4096,
            "monitoring": false,
            "name": "quanux-panopticon-vault",
            "price_hourly": 0.03571,
            "price_monthly": 24,
            "private_networking": true,
            "region": "nyc3",
            "resize_disk": true,
            "size": "s-2vcpu-4gb",
            "ssh_keys": [
              "d8:f5:81:f5:0b:cb:bc:d5:28:55:c3:25:69:8f:af:ee"
            ],
            "status": "active",
            "tags": [
              "quanux-aleph",
              "quanux-node",
              "quanux-panopticon"
            ],
            "timeouts": null,
            "urn": "do:droplet:558241616",
            "user_data": null,
            "vcpus": 2,
            "volume_ids": [],
            "vpc_uuid": "f6c23a0c-cb8e-4d90-ba2d-708aa4c6a9e2"
          },
          "sensitive_attributes": [],
          "identity_schema_version": 0,
          "private": "eyJlMmJmYjczMC1lY2FhLTExZTYtOGY4OC0zNDM2M2JjN2M0YzAiOnsiY3JlYXRlIjozNjAwMDAwMDAwMDAwLCJkZWxldGUiOjYwMDAwMDAwMDAwLCJ1cGRhdGUiOjM2MDAwMDAwMDAwMDB9LCJzY2hlbWFfdmVyc2lvbiI6IjEifQ==",
          "dependencies": [
            "digitalocean_vpc.quanux_matrix"
          ]
        }
      ]
    },
    {
      "mode": "managed",
      "type": "digitalocean_droplet",
      "name": "quanux_annex_node",
      "provider": "provider[\"registry.terraform.io/digitalocean/digitalocean\"]",
      "instances": [
        {
          "schema_version": 1,
          "attributes": {
            "backup_policy": [],
            "backups": false,
            "created_at": "2026-03-14T14:57:03Z",
            "disk": 25,
            "droplet_agent": null,
            "graceful_shutdown": false,
            "id": "558241615",
            "image": "ubuntu-24-04-x64",
            "ipv4_address": "167.71.103.77",
            "ipv4_address_private": "10.10.10.5",
            "ipv6": false,
            "ipv6_address": "",
            "locked": false,
            "memory": 4096,
            "monitoring": true,
            "name": "quanux-annex-ingestion-01",
            "price_hourly": 0.0625,
            "price_monthly": 42,
            "private_networking": true,
            "region": "nyc3",
            "resize_disk": true,
            "size": "c-2",
            "ssh_keys": [
              "d8:f5:81:f5:0b:cb:bc:d5:28:55:c3:25:69:8f:af:ee"
            ],
            "status": "active",
            "tags": [
              "high-frequency",
              "quanux-annex",
              "quanux-node"
            ],
            "timeouts": null,
            "urn": "do:droplet:558241615",
            "user_data": null,
            "vcpus": 2,
            "volume_ids": [],
            "vpc_uuid": "f6c23a0c-cb8e-4d90-ba2d-708aa4c6a9e2"
          },
          "sensitive_attributes": [],
          "identity_schema_version": 0,
          "private": "eyJlMmJmYjczMC1lY2FhLTExZTYtOGY4OC0zNDM2M2JjN2M0YzAiOnsiY3JlYXRlIjozNjAwMDAwMDAwMDAwLCJkZWxldGUiOjYwMDAwMDAwMDAwLCJ1cGRhdGUiOjM2MDAwMDAwMDAwMDB9LCJzY2hlbWFfdmVyc2lvbiI6IjEifQ==",
          "dependencies": [
            "digitalocean_vpc.quanux_matrix"
          ]
        }
      ]
    },
    {
      "mode": "managed",
      "type": "digitalocean_vpc",
      "name": "quanux_matrix",
      "provider": "provider[\"registry.terraform.io/digitalocean/digitalocean\"]",
      "instances": [
        {
          "schema_version": 0,
          "attributes": {
            "created_at": "2026-03-14 14:57:02 +0000 UTC",
            "default": false,
            "description": "Absolute isolated global mesh routing for QuanuX nodes.",
            "id": "f6c23a0c-cb8e-4d90-ba2d-708aa4c6a9e2",
            "ip_range": "10.10.10.0/24",
            "name": "quanux-vpc-matrix",
            "region": "nyc3",
            "timeouts": null,
            "urn": "do:vpc:f6c23a0c-cb8e-4d90-ba2d-708aa4c6a9e2"
          },
          "sensitive_attributes": [],
          "identity_schema_version": 0,
          "private": "eyJlMmJmYjczMC1lY2FhLTExZTYtOGY4OC0zNDM2M2JjN2M0YzAiOnsiZGVsZXRlIjoxMjAwMDAwMDAwMDB9fQ=="
        }
      ]
    }
  ],
  "check_results": null
}
