{
  "version": 4,
  "terraform_version": "1.14.6",
  "serial": 437,
  "lineage": "a3126159-62cc-aad8-01b2-dc5018b3b19f",
  "outputs": {
    "quanux_annex_node_internal_ip": {
      "value": "10.10.10.5",
      "type": "string"
    },
    "quanux_annex_node_public_ip": {
      "value": "138.197.73.26",
      "type": "string"
    },
    "quanux_edge_nyc_2_internal_ip": {
      "value": "10.10.10.4",
      "type": "string"
    },
    "quanux_edge_nyc_2_public_ip": {
      "value": "165.22.41.86",
      "type": "string"
    },
    "quanux_edge_nyc_internal_ip": {
      "value": "10.10.10.8",
      "type": "string"
    },
    "quanux_edge_nyc_public_ip": {
      "value": "138.197.81.62",
      "type": "string"
    },
    "quanux_panopticon_buffer_internal_ip": {
      "value": "10.10.10.7",
      "type": "string"
    },
    "quanux_panopticon_buffer_public_ip": {
      "value": "164.90.130.255",
      "type": "string"
    },
    "quanux_panopticon_forge_internal_ip": {
      "value": "10.10.10.9",
      "type": "string"
    },
    "quanux_panopticon_forge_public_ip": {
      "value": "159.89.43.27",
      "type": "string"
    },
    "quanux_panopticon_ledger_internal_ip": {
      "value": "10.10.10.6",
      "type": "string"
    },
    "quanux_panopticon_ledger_public_ip": {
      "value": "45.55.192.170",
      "type": "string"
    },
    "quanux_panopticon_nexus_internal_ip": {
      "value": "10.10.10.10",
      "type": "string"
    },
    "quanux_panopticon_nexus_public_ip": {
      "value": "134.209.35.184",
      "type": "string"
    },
    "quanux_panopticon_oracle_internal_ip": {
      "value": "10.10.10.2",
      "type": "string"
    },
    "quanux_panopticon_oracle_public_ip": {
      "value": "157.245.119.126",
      "type": "string"
    },
    "quanux_panopticon_vault_internal_ip": {
      "value": "10.10.10.3",
      "type": "string"
    },
    "quanux_panopticon_vault_public_ip": {
      "value": "104.131.111.195",
      "type": "string"
    },
    "quanux_zarr_vault_endpoint": {
      "value": "quanux-deep-lake.nyc3.digitaloceanspaces.com",
      "type": "string"
    },
    "quanux_zarr_vault_name": {
      "value": "quanux-deep-lake",
      "type": "string"
    }
  },
  "resources": [
    {
      "mode": "managed",
      "type": "digitalocean_droplet",
      "name": "edge_nyc",
      "provider": "provider[\"registry.terraform.io/digitalocean/digitalocean\"]",
      "instances": [
        {
          "schema_version": 1,
          "attributes": {
            "backup_policy": [],
            "backups": false,
            "created_at": "2026-03-15T18:32:32Z",
            "disk": 80,
            "droplet_agent": null,
            "graceful_shutdown": false,
            "id": "558499627",
            "image": "ubuntu-24-04-x64",
            "ipv4_address": "138.197.81.62",
            "ipv4_address_private": "10.10.10.8",
            "ipv6": false,
            "ipv6_address": "",
            "locked": false,
            "memory": 4096,
            "monitoring": false,
            "name": "quanux-edge-nyc",
            "price_hourly": 0.03571,
            "price_monthly": 24,
            "private_networking": true,
            "region": "nyc3",
            "resize_disk": true,
            "size": "s-2vcpu-4gb",
            "ssh_keys": null,
            "status": "active",
            "tags": [
              "quanux-edge",
              "quanux-node"
            ],
            "timeouts": null,
            "urn": "do:droplet:558499627",
            "user_data": null,
            "vcpus": 2,
            "volume_ids": [],
            "vpc_uuid": "1bde488a-06e4-4128-95d3-bebfe2ad7bc8"
          },
          "sensitive_attributes": [],
          "identity_schema_version": 0,
          "private": "eyJlMmJmYjczMC1lY2FhLTExZTYtOGY4OC0zNDM2M2JjN2M0YzAiOnsiY3JlYXRlIjozNjAwMDAwMDAwMDAwLCJkZWxldGUiOjYwMDAwMDAwMDAwLCJ1cGRhdGUiOjM2MDAwMDAwMDAwMDB9LCJzY2hlbWFfdmVyc2lvbiI6IjEifQ==",
          "dependencies": [
            "digitalocean_vpc.quanux_matrix"
          ]
        }
      ]
    },
    {
      "mode": "managed",
      "type": "digitalocean_droplet",
      "name": "edge_nyc_2",
      "provider": "provider[\"registry.terraform.io/digitalocean/digitalocean\"]",
      "instances": [
        {
          "schema_version": 1,
          "attributes": {
            "backup_policy": [],
            "backups": false,
            "created_at": "2026-03-15T18:32:32Z",
            "disk": 80,
            "droplet_agent": null,
            "graceful_shutdown": false,
            "id": "558499625",
            "image": "ubuntu-24-04-x64",
            "ipv4_address": "165.22.41.86",
            "ipv4_address_private": "10.10.10.4",
            "ipv6": false,
            "ipv6_address": "",
            "locked": false,
            "memory": 4096,
            "monitoring": false,
            "name": "quanux-edge-nyc-2",
            "price_hourly": 0.03571,
            "price_monthly": 24,
            "private_networking": true,
            "region": "nyc3",
            "resize_disk": true,
            "size": "s-2vcpu-4gb",
            "ssh_keys": null,
            "status": "active",
            "tags": [
              "quanux-edge",
              "quanux-node"
            ],
            "timeouts": null,
            "urn": "do:droplet:558499625",
            "user_data": null,
            "vcpus": 2,
            "volume_ids": [],
            "vpc_uuid": "1bde488a-06e4-4128-95d3-bebfe2ad7bc8"
          },
          "sensitive_attributes": [],
          "identity_schema_version": 0,
          "private": "eyJlMmJmYjczMC1lY2FhLTExZTYtOGY4OC0zNDM2M2JjN2M0YzAiOnsiY3JlYXRlIjozNjAwMDAwMDAwMDAwLCJkZWxldGUiOjYwMDAwMDAwMDAwLCJ1cGRhdGUiOjM2MDAwMDAwMDAwMDB9LCJzY2hlbWFfdmVyc2lvbiI6IjEifQ==",
          "dependencies": [
            "digitalocean_vpc.quanux_matrix"
          ]
        }
      ]
    },
    {
      "mode": "managed",
      "type": "digitalocean_droplet",
      "name": "panopticon_buffer",
      "provider": "provider[\"registry.terraform.io/digitalocean/digitalocean\"]",
      "instances": [
        {
          "schema_version": 1,
          "attributes": {
            "backup_policy": [],
            "backups": false,
            "created_at": "2026-03-15T18:32:32Z",
            "disk": 80,
            "droplet_agent": null,
            "graceful_shutdown": false,
            "id": "558499622",
            "image": "ubuntu-24-04-x64",
            "ipv4_address": "164.90.130.255",
            "ipv4_address_private": "10.10.10.7",
            "ipv6": false,
            "ipv6_address": "",
            "locked": false,
            "memory": 4096,
            "monitoring": false,
            "name": "quanux-panopticon-buffer",
            "price_hourly": 0.03571,
            "price_monthly": 24,
            "private_networking": true,
            "region": "nyc3",
            "resize_disk": true,
            "size": "s-2vcpu-4gb",
            "ssh_keys": null,
            "status": "active",
            "tags": [
              "quanux-node",
              "quanux-panopticon"
            ],
            "timeouts": null,
            "urn": "do:droplet:558499622",
            "user_data": null,
            "vcpus": 2,
            "volume_ids": [],
            "vpc_uuid": "1bde488a-06e4-4128-95d3-bebfe2ad7bc8"
          },
          "sensitive_attributes": [],
          "identity_schema_version": 0,
          "private": "eyJlMmJmYjczMC1lY2FhLTExZTYtOGY4OC0zNDM2M2JjN2M0YzAiOnsiY3JlYXRlIjozNjAwMDAwMDAwMDAwLCJkZWxldGUiOjYwMDAwMDAwMDAwLCJ1cGRhdGUiOjM2MDAwMDAwMDAwMDB9LCJzY2hlbWFfdmVyc2lvbiI6IjEifQ==",
          "dependencies": [
            "digitalocean_vpc.quanux_matrix"
          ]
        }
      ]
    },
    {
      "mode": "managed",
      "type": "digitalocean_droplet",
      "name": "panopticon_forge",
      "provider": "provider[\"registry.terraform.io/digitalocean/digitalocean\"]",
      "instances": [
        {
          "schema_version": 1,
          "attributes": {
            "backup_policy": [],
            "backups": false,
            "created_at": "2026-03-15T18:32:32Z",
            "disk": 80,
            "droplet_agent": null,
            "graceful_shutdown": false,
            "id": "558499628",
            "image": "ubuntu-24-04-x64",
            "ipv4_address": "159.89.43.27",
            "ipv4_address_private": "10.10.10.9",
            "ipv6": false,
            "ipv6_address": "",
            "locked": false,
            "memory": 4096,
            "monitoring": false,
            "name": "quanux-panopticon-forge",
            "price_hourly": 0.03571,
            "price_monthly": 24,
            "private_networking": true,
            "region": "nyc3",
            "resize_disk": true,
            "size": "s-2vcpu-4gb",
            "ssh_keys": null,
            "status": "active",
            "tags": [
              "quanux-aleph",
              "quanux-node",
              "quanux-panopticon"
            ],
            "timeouts": null,
            "urn": "do:droplet:558499628",
            "user_data": null,
            "vcpus": 2,
            "volume_ids": [],
            "vpc_uuid": "1bde488a-06e4-4128-95d3-bebfe2ad7bc8"
          },
          "sensitive_attributes": [],
          "identity_schema_version": 0,
          "private": "eyJlMmJmYjczMC1lY2FhLTExZTYtOGY4OC0zNDM2M2JjN2M0YzAiOnsiY3JlYXRlIjozNjAwMDAwMDAwMDAwLCJkZWxldGUiOjYwMDAwMDAwMDAwLCJ1cGRhdGUiOjM2MDAwMDAwMDAwMDB9LCJzY2hlbWFfdmVyc2lvbiI6IjEifQ==",
          "dependencies": [
            "digitalocean_vpc.quanux_matrix"
          ]
        }
      ]
    },
    {
      "mode": "managed",
      "type": "digitalocean_droplet",
      "name": "panopticon_ledger",
      "provider": "provider[\"registry.terraform.io/digitalocean/digitalocean\"]",
      "instances": [
        {
          "schema_version": 1,
          "attributes": {
            "backup_policy": [],
            "backups": false,
            "created_at": "2026-03-15T18:32:32Z",
            "disk": 160,
            "droplet_agent": null,
            "graceful_shutdown": false,
            "id": "558499624",
            "image": "ubuntu-24-04-x64",
            "ipv4_address": "45.55.192.170",
            "ipv4_address_private": "10.10.10.6",
            "ipv6": false,
            "ipv6_address": "",
            "locked": false,
            "memory": 8192,
            "monitoring": false,
            "name": "quanux-panopticon-ledger",
            "price_hourly": 0.07143,
            "price_monthly": 48,
            "private_networking": true,
            "region": "nyc3",
            "resize_disk": true,
            "size": "s-4vcpu-8gb",
            "ssh_keys": null,
            "status": "active",
            "tags": [
              "quanux-node",
              "quanux-panopticon"
            ],
            "timeouts": null,
            "urn": "do:droplet:558499624",
            "user_data": null,
            "vcpus": 4,
            "volume_ids": [],
            "vpc_uuid": "1bde488a-06e4-4128-95d3-bebfe2ad7bc8"
          },
          "sensitive_attributes": [],
          "identity_schema_version": 0,
          "private": "eyJlMmJmYjczMC1lY2FhLTExZTYtOGY4OC0zNDM2M2JjN2M0YzAiOnsiY3JlYXRlIjozNjAwMDAwMDAwMDAwLCJkZWxldGUiOjYwMDAwMDAwMDAwLCJ1cGRhdGUiOjM2MDAwMDAwMDAwMDB9LCJzY2hlbWFfdmVyc2lvbiI6IjEifQ==",
          "dependencies": [
            "digitalocean_vpc.quanux_matrix"
          ]
        }
      ]
    },
    {
      "mode": "managed",
      "type": "digitalocean_droplet",
      "name": "panopticon_nexus",
      "provider": "provider[\"registry.terraform.io/digitalocean/digitalocean\"]",
      "instances": [
        {
          "schema_version": 1,
          "attributes": {
            "backup_policy": [],
            "backups": false,
            "created_at": "2026-03-15T18:32:32Z",
            "disk": 160,
            "droplet_agent": null,
            "graceful_shutdown": false,
            "id": "558499619",
            "image": "ubuntu-24-04-x64",
            "ipv4_address": "134.209.35.184",
            "ipv4_address_private": "10.10.10.10",
            "ipv6": false,
            "ipv6_address": "",
            "locked": false,
            "memory": 8192,
            "monitoring": false,
            "name": "quanux-panopticon-nexus",
            "price_hourly": 0.07143,
            "price_monthly": 48,
            "private_networking": true,
            "region": "nyc3",
            "resize_disk": true,
            "size": "s-4vcpu-8gb",
            "ssh_keys": null,
            "status": "active",
            "tags": [
              "quanux-aleph",
              "quanux-node",
              "quanux-panopticon"
            ],
            "timeouts": null,
            "urn": "do:droplet:558499619",
            "user_data": null,
            "vcpus": 4,
            "volume_ids": [],
            "vpc_uuid": "1bde488a-06e4-4128-95d3-bebfe2ad7bc8"
          },
          "sensitive_attributes": [],
          "identity_schema_version": 0,
          "private": "eyJlMmJmYjczMC1lY2FhLTExZTYtOGY4OC0zNDM2M2JjN2M0YzAiOnsiY3JlYXRlIjozNjAwMDAwMDAwMDAwLCJkZWxldGUiOjYwMDAwMDAwMDAwLCJ1cGRhdGUiOjM2MDAwMDAwMDAwMDB9LCJzY2hlbWFfdmVyc2lvbiI6IjEifQ==",
          "dependencies": [
            "digitalocean_vpc.quanux_matrix"
          ]
        }
      ]
    },
    {
      "mode": "managed",
      "type": "digitalocean_droplet",
      "name": "panopticon_oracle",
      "provider": "provider[\"registry.terraform.io/digitalocean/digitalocean\"]",
      "instances": [
        {
          "schema_version": 1,
          "attributes": {
            "backup_policy": [],
            "backups": false,
            "created_at": "2026-03-15T18:32:32Z",
            "disk": 160,
            "droplet_agent": null,
            "graceful_shutdown": false,
            "id": "558499626",
            "image": "ubuntu-24-04-x64",
            "ipv4_address": "157.245.119.126",
            "ipv4_address_private": "10.10.10.2",
            "ipv6": false,
            "ipv6_address": "",
            "locked": false,
            "memory": 8192,
            "monitoring": false,
            "name": "quanux-panopticon-oracle",
            "price_hourly": 0.07143,
            "price_monthly": 48,
            "private_networking": true,
            "region": "nyc3",
            "resize_disk": true,
            "size": "s-4vcpu-8gb",
            "ssh_keys": null,
            "status": "active",
            "tags": [
              "quanux-aleph",
              "quanux-node",
              "quanux-panopticon"
            ],
            "timeouts": null,
            "urn": "do:droplet:558499626",
            "user_data": null,
            "vcpus": 4,
            "volume_ids": [],
            "vpc_uuid": "1bde488a-06e4-4128-95d3-bebfe2ad7bc8"
          },
          "sensitive_attributes": [],
          "identity_schema_version": 0,
          "private": "eyJlMmJmYjczMC1lY2FhLTExZTYtOGY4OC0zNDM2M2JjN2M0YzAiOnsiY3JlYXRlIjozNjAwMDAwMDAwMDAwLCJkZWxldGUiOjYwMDAwMDAwMDAwLCJ1cGRhdGUiOjM2MDAwMDAwMDAwMDB9LCJzY2hlbWFfdmVyc2lvbiI6IjEifQ==",
          "dependencies": [
            "digitalocean_vpc.quanux_matrix"
          ]
        }
      ]
    },
    {
      "mode": "managed",
      "type": "digitalocean_droplet",
      "name": "panopticon_vault",
      "provider": "provider[\"registry.terraform.io/digitalocean/digitalocean\"]",
      "instances": [
        {
          "schema_version": 1,
          "attributes": {
            "backup_policy": [],
            "backups": false,
            "created_at": "2026-03-15T18:32:32Z",
            "disk": 80,
            "droplet_agent": null,
            "graceful_shutdown": false,
            "id": "558499621",
            "image": "ubuntu-24-04-x64",
            "ipv4_address": "104.131.111.195",
            "ipv4_address_private": "10.10.10.3",
            "ipv6": false,
            "ipv6_address": "",
            "locked": false,
            "memory": 4096,
            "monitoring": false,
            "name": "quanux-panopticon-vault",
            "price_hourly": 0.03571,
            "price_monthly": 24,
            "private_networking": true,
            "region": "nyc3",
            "resize_disk": true,
            "size": "s-2vcpu-4gb",
            "ssh_keys": null,
            "status": "active",
            "tags": [
              "quanux-aleph",
              "quanux-node",
              "quanux-panopticon"
            ],
            "timeouts": null,
            "urn": "do:droplet:558499621",
            "user_data": null,
            "vcpus": 2,
            "volume_ids": [],
            "vpc_uuid": "1bde488a-06e4-4128-95d3-bebfe2ad7bc8"
          },
          "sensitive_attributes": [],
          "identity_schema_version": 0,
          "private": "eyJlMmJmYjczMC1lY2FhLTExZTYtOGY4OC0zNDM2M2JjN2M0YzAiOnsiY3JlYXRlIjozNjAwMDAwMDAwMDAwLCJkZWxldGUiOjYwMDAwMDAwMDAwLCJ1cGRhdGUiOjM2MDAwMDAwMDAwMDB9LCJzY2hlbWFfdmVyc2lvbiI6IjEifQ==",
          "dependencies": [
            "digitalocean_vpc.quanux_matrix"
          ]
        }
      ]
    },
    {
      "mode": "managed",
      "type": "digitalocean_droplet",
      "name": "quanux_annex_node",
      "provider": "provider[\"registry.terraform.io/digitalocean/digitalocean\"]",
      "instances": [
        {
          "schema_version": 1,
          "attributes": {
            "backup_policy": [],
            "backups": false,
            "created_at": "2026-03-15T18:32:32Z",
            "disk": 25,
            "droplet_agent": null,
            "graceful_shutdown": false,
            "id": "558499620",
            "image": "ubuntu-24-04-x64",
            "ipv4_address": "138.197.73.26",
            "ipv4_address_private": "10.10.10.5",
            "ipv6": false,
            "ipv6_address": "",
            "locked": false,
            "memory": 4096,
            "monitoring": true,
            "name": "quanux-annex-ingestion-01",
            "price_hourly": 0.0625,
            "price_monthly": 42,
            "private_networking": true,
            "region": "nyc3",
            "resize_disk": true,
            "size": "c-2",
            "ssh_keys": null,
            "status": "active",
            "tags": [
              "high-frequency",
              "quanux-annex",
              "quanux-node"
            ],
            "timeouts": null,
            "urn": "do:droplet:558499620",
            "user_data": null,
            "vcpus": 2,
            "volume_ids": [],
            "vpc_uuid": "1bde488a-06e4-4128-95d3-bebfe2ad7bc8"
          },
          "sensitive_attributes": [],
          "identity_schema_version": 0,
          "private": "eyJlMmJmYjczMC1lY2FhLTExZTYtOGY4OC0zNDM2M2JjN2M0YzAiOnsiY3JlYXRlIjozNjAwMDAwMDAwMDAwLCJkZWxldGUiOjYwMDAwMDAwMDAwLCJ1cGRhdGUiOjM2MDAwMDAwMDAwMDB9LCJzY2hlbWFfdmVyc2lvbiI6IjEifQ==",
          "dependencies": [
            "digitalocean_vpc.quanux_matrix"
          ]
        }
      ]
    },
    {
      "mode": "managed",
      "type": "digitalocean_firewall",
      "name": "paranoia",
      "provider": "provider[\"registry.terraform.io/digitalocean/digitalocean\"]",
      "instances": [
        {
          "schema_version": 0,
          "attributes": {
            "created_at": "2026-03-15T18:33:07Z",
            "droplet_ids": [
              558499619,
              558499620,
              558499621,
              558499622,
              558499624,
              558499625,
              558499626,
              558499627,
              558499628
            ],
            "id": "2faa87cd-84e8-4713-9671-87d983f478de",
            "inbound_rule": [
              {
                "port_range": "1-65535",
                "protocol": "tcp",
                "source_addresses": [
                  "10.10.10.0/24"
                ],
                "source_droplet_ids": [],
                "source_kubernetes_ids": [],
                "source_load_balancer_uids": [],
                "source_tags": []
              },
              {
                "port_range": "1-65535",
                "protocol": "udp",
                "source_addresses": [
                  "10.10.10.0/24"
                ],
                "source_droplet_ids": [],
                "source_kubernetes_ids": [],
                "source_load_balancer_uids": [],
                "source_tags": []
              },
              {
                "port_range": "22",
                "protocol": "tcp",
                "source_addresses": [
                  "98.117.91.75"
                ],
                "source_droplet_ids": [],
                "source_kubernetes_ids": [],
                "source_load_balancer_uids": [],
                "source_tags": []
              }
            ],
            "name": "quanux-paranoia-firewall",
            "outbound_rule": [
              {
                "destination_addresses": [
                  "0.0.0.0/0",
                  "::/0"
                ],
                "destination_droplet_ids": [],
                "destination_kubernetes_ids": [],
                "destination_load_balancer_uids": [],
                "destination_tags": [],
                "port_range": "",
                "protocol": "icmp"
              },
              {
                "destination_addresses": [
                  "0.0.0.0/0",
                  "::/0"
                ],
                "destination_droplet_ids": [],
                "destination_kubernetes_ids": [],
                "destination_load_balancer_uids": [],
                "destination_tags": [],
                "port_range": "1-65535",
                "protocol": "tcp"
              },
              {
                "destination_addresses": [
                  "0.0.0.0/0",
                  "::/0"
                ],
                "destination_droplet_ids": [],
                "destination_kubernetes_ids": [],
                "destination_load_balancer_uids": [],
                "destination_tags": [],
                "port_range": "1-65535",
                "protocol": "udp"
              }
            ],
            "pending_changes": [],
            "status": "succeeded",
            "tags": []
          },
          "sensitive_attributes": [],
          "identity_schema_version": 0,
          "private": "bnVsbA==",
          "dependencies": [
            "digitalocean_droplet.edge_nyc",
            "digitalocean_droplet.edge_nyc_2",
            "digitalocean_droplet.panopticon_buffer",
            "digitalocean_droplet.panopticon_forge",
            "digitalocean_droplet.panopticon_ledger",
            "digitalocean_droplet.panopticon_nexus",
            "digitalocean_droplet.panopticon_oracle",
            "digitalocean_droplet.panopticon_vault",
            "digitalocean_droplet.quanux_annex_node",
            "digitalocean_vpc.quanux_matrix"
          ]
        }
      ]
    },
    {
      "mode": "managed",
      "type": "digitalocean_spaces_bucket",
      "name": "quanux_zarr_vault",
      "provider": "provider[\"registry.terraform.io/digitalocean/digitalocean\"].spaces",
      "instances": [
        {
          "schema_version": 0,
          "attributes": {
            "acl": "private",
            "bucket_domain_name": "quanux-deep-lake.nyc3.digitaloceanspaces.com",
            "cors_rule": [],
            "endpoint": "nyc3.digitaloceanspaces.com",
            "force_destroy": true,
            "id": "quanux-deep-lake",
            "lifecycle_rule": [],
            "name": "quanux-deep-lake",
            "region": "nyc3",
            "urn": "do:space:quanux-deep-lake",
            "versioning": [
              {
                "enabled": false
              }
            ]
          },
          "sensitive_attributes": [],
          "identity_schema_version": 0,
          "private": "bnVsbA=="
        }
      ]
    },
    {
      "mode": "managed",
      "type": "digitalocean_vpc",
      "name": "quanux_matrix",
      "provider": "provider[\"registry.terraform.io/digitalocean/digitalocean\"]",
      "instances": [
        {
          "schema_version": 0,
          "attributes": {
            "created_at": "2026-03-15 18:32:31 +0000 UTC",
            "default": false,
            "description": "Absolute isolated global mesh routing for QuanuX nodes.",
            "id": "1bde488a-06e4-4128-95d3-bebfe2ad7bc8",
            "ip_range": "10.10.10.0/24",
            "name": "quanux-vpc-matrix",
            "region": "nyc3",
            "timeouts": null,
            "urn": "do:vpc:1bde488a-06e4-4128-95d3-bebfe2ad7bc8"
          },
          "sensitive_attributes": [],
          "identity_schema_version": 0,
          "private": "eyJlMmJmYjczMC1lY2FhLTExZTYtOGY4OC0zNDM2M2JjN2M0YzAiOnsiZGVsZXRlIjoxMjAwMDAwMDAwMDB9fQ=="
        }
      ]
    }
  ],
  "check_results": null
}
