{
  "version": 4,
  "terraform_version": "1.14.6",
  "serial": 381,
  "lineage": "a3126159-62cc-aad8-01b2-dc5018b3b19f",
  "outputs": {
    "quanux_annex_node_internal_ip": {
      "value": "10.10.10.15",
      "type": "string"
    },
    "quanux_annex_node_public_ip": {
      "value": "159.65.254.241",
      "type": "string"
    },
    "quanux_edge_nyc_2_internal_ip": {
      "value": "10.10.10.17",
      "type": "string"
    },
    "quanux_edge_nyc_2_public_ip": {
      "value": "138.197.13.6",
      "type": "string"
    },
    "quanux_edge_nyc_internal_ip": {
      "value": "10.10.10.19",
      "type": "string"
    },
    "quanux_edge_nyc_public_ip": {
      "value": "64.225.23.33",
      "type": "string"
    },
    "quanux_panopticon_buffer_internal_ip": {
      "value": "10.10.10.14",
      "type": "string"
    },
    "quanux_panopticon_buffer_public_ip": {
      "value": "68.183.157.177",
      "type": "string"
    },
    "quanux_panopticon_forge_internal_ip": {
      "value": "10.10.10.12",
      "type": "string"
    },
    "quanux_panopticon_forge_public_ip": {
      "value": "159.203.135.124",
      "type": "string"
    },
    "quanux_panopticon_ledger_internal_ip": {
      "value": "10.10.10.13",
      "type": "string"
    },
    "quanux_panopticon_ledger_public_ip": {
      "value": "161.35.131.148",
      "type": "string"
    },
    "quanux_panopticon_nexus_internal_ip": {
      "value": "10.10.10.16",
      "type": "string"
    },
    "quanux_panopticon_nexus_public_ip": {
      "value": "159.203.98.131",
      "type": "string"
    },
    "quanux_panopticon_oracle_internal_ip": {
      "value": "10.10.10.18",
      "type": "string"
    },
    "quanux_panopticon_oracle_public_ip": {
      "value": "138.197.18.121",
      "type": "string"
    },
    "quanux_panopticon_vault_internal_ip": {
      "value": "10.10.10.11",
      "type": "string"
    },
    "quanux_panopticon_vault_public_ip": {
      "value": "104.248.8.108",
      "type": "string"
    },
    "quanux_zarr_vault_endpoint": {
      "value": "quanux-deep-lake.nyc3.digitaloceanspaces.com",
      "type": "string"
    },
    "quanux_zarr_vault_name": {
      "value": "quanux-deep-lake",
      "type": "string"
    }
  },
  "resources": [
    {
      "mode": "managed",
      "type": "digitalocean_droplet",
      "name": "edge_nyc",
      "provider": "provider[\"registry.terraform.io/digitalocean/digitalocean\"]",
      "instances": [
        {
          "schema_version": 1,
          "attributes": {
            "backup_policy": [],
            "backups": false,
            "created_at": "2026-03-15T12:23:27Z",
            "disk": 80,
            "droplet_agent": null,
            "graceful_shutdown": false,
            "id": "558439785",
            "image": "ubuntu-24-04-x64",
            "ipv4_address": "64.225.23.33",
            "ipv4_address_private": "10.10.10.19",
            "ipv6": false,
            "ipv6_address": "",
            "locked": false,
            "memory": 4096,
            "monitoring": false,
            "name": "quanux-edge-nyc",
            "price_hourly": 0.03571,
            "price_monthly": 24,
            "private_networking": true,
            "region": "nyc3",
            "resize_disk": true,
            "size": "s-2vcpu-4gb",
            "ssh_keys": [
              "d8:f5:81:f5:0b:cb:bc:d5:28:55:c3:25:69:8f:af:ee"
            ],
            "status": "active",
            "tags": [
              "quanux-edge",
              "quanux-node"
            ],
            "timeouts": null,
            "urn": "do:droplet:558439785",
            "user_data": null,
            "vcpus": 2,
            "volume_ids": [],
            "vpc_uuid": "56f850e6-71cd-4a68-8eab-84cb4397c8cf"
          },
          "sensitive_attributes": [],
          "identity_schema_version": 0,
          "private": "eyJlMmJmYjczMC1lY2FhLTExZTYtOGY4OC0zNDM2M2JjN2M0YzAiOnsiY3JlYXRlIjozNjAwMDAwMDAwMDAwLCJkZWxldGUiOjYwMDAwMDAwMDAwLCJ1cGRhdGUiOjM2MDAwMDAwMDAwMDB9LCJzY2hlbWFfdmVyc2lvbiI6IjEifQ==",
          "dependencies": [
            "digitalocean_vpc.quanux_matrix"
          ]
        }
      ]
    },
    {
      "mode": "managed",
      "type": "digitalocean_droplet",
      "name": "edge_nyc_2",
      "provider": "provider[\"registry.terraform.io/digitalocean/digitalocean\"]",
      "instances": [
        {
          "schema_version": 1,
          "attributes": {
            "backup_policy": [],
            "backups": false,
            "created_at": "2026-03-15T12:23:27Z",
            "disk": 80,
            "droplet_agent": null,
            "graceful_shutdown": false,
            "id": "558439779",
            "image": "ubuntu-24-04-x64",
            "ipv4_address": "138.197.13.6",
            "ipv4_address_private": "10.10.10.17",
            "ipv6": false,
            "ipv6_address": "",
            "locked": false,
            "memory": 4096,
            "monitoring": false,
            "name": "quanux-edge-nyc-2",
            "price_hourly": 0.03571,
            "price_monthly": 24,
            "private_networking": true,
            "region": "nyc3",
            "resize_disk": true,
            "size": "s-2vcpu-4gb",
            "ssh_keys": [
              "d8:f5:81:f5:0b:cb:bc:d5:28:55:c3:25:69:8f:af:ee"
            ],
            "status": "active",
            "tags": [
              "quanux-edge",
              "quanux-node"
            ],
            "timeouts": null,
            "urn": "do:droplet:558439779",
            "user_data": null,
            "vcpus": 2,
            "volume_ids": [],
            "vpc_uuid": "56f850e6-71cd-4a68-8eab-84cb4397c8cf"
          },
          "sensitive_attributes": [],
          "identity_schema_version": 0,
          "private": "eyJlMmJmYjczMC1lY2FhLTExZTYtOGY4OC0zNDM2M2JjN2M0YzAiOnsiY3JlYXRlIjozNjAwMDAwMDAwMDAwLCJkZWxldGUiOjYwMDAwMDAwMDAwLCJ1cGRhdGUiOjM2MDAwMDAwMDAwMDB9LCJzY2hlbWFfdmVyc2lvbiI6IjEifQ==",
          "dependencies": [
            "digitalocean_vpc.quanux_matrix"
          ]
        }
      ]
    },
    {
      "mode": "managed",
      "type": "digitalocean_droplet",
      "name": "panopticon_buffer",
      "provider": "provider[\"registry.terraform.io/digitalocean/digitalocean\"]",
      "instances": [
        {
          "schema_version": 1,
          "attributes": {
            "backup_policy": [],
            "backups": false,
            "created_at": "2026-03-15T12:23:27Z",
            "disk": 80,
            "droplet_agent": null,
            "graceful_shutdown": false,
            "id": "558439778",
            "image": "ubuntu-24-04-x64",
            "ipv4_address": "68.183.157.177",
            "ipv4_address_private": "10.10.10.14",
            "ipv6": false,
            "ipv6_address": "",
            "locked": false,
            "memory": 4096,
            "monitoring": false,
            "name": "quanux-panopticon-buffer",
            "price_hourly": 0.03571,
            "price_monthly": 24,
            "private_networking": true,
            "region": "nyc3",
            "resize_disk": true,
            "size": "s-2vcpu-4gb",
            "ssh_keys": [
              "d8:f5:81:f5:0b:cb:bc:d5:28:55:c3:25:69:8f:af:ee"
            ],
            "status": "active",
            "tags": [
              "quanux-node",
              "quanux-panopticon"
            ],
            "timeouts": null,
            "urn": "do:droplet:558439778",
            "user_data": null,
            "vcpus": 2,
            "volume_ids": [],
            "vpc_uuid": "56f850e6-71cd-4a68-8eab-84cb4397c8cf"
          },
          "sensitive_attributes": [],
          "identity_schema_version": 0,
          "private": "eyJlMmJmYjczMC1lY2FhLTExZTYtOGY4OC0zNDM2M2JjN2M0YzAiOnsiY3JlYXRlIjozNjAwMDAwMDAwMDAwLCJkZWxldGUiOjYwMDAwMDAwMDAwLCJ1cGRhdGUiOjM2MDAwMDAwMDAwMDB9LCJzY2hlbWFfdmVyc2lvbiI6IjEifQ==",
          "dependencies": [
            "digitalocean_vpc.quanux_matrix"
          ]
        }
      ]
    },
    {
      "mode": "managed",
      "type": "digitalocean_droplet",
      "name": "panopticon_forge",
      "provider": "provider[\"registry.terraform.io/digitalocean/digitalocean\"]",
      "instances": [
        {
          "schema_version": 1,
          "attributes": {
            "backup_policy": [],
            "backups": false,
            "created_at": "2026-03-15T12:23:27Z",
            "disk": 80,
            "droplet_agent": null,
            "graceful_shutdown": false,
            "id": "558439782",
            "image": "ubuntu-24-04-x64",
            "ipv4_address": "159.203.135.124",
            "ipv4_address_private": "10.10.10.12",
            "ipv6": false,
            "ipv6_address": "",
            "locked": false,
            "memory": 4096,
            "monitoring": false,
            "name": "quanux-panopticon-forge",
            "price_hourly": 0.03571,
            "price_monthly": 24,
            "private_networking": true,
            "region": "nyc3",
            "resize_disk": true,
            "size": "s-2vcpu-4gb",
            "ssh_keys": [
              "d8:f5:81:f5:0b:cb:bc:d5:28:55:c3:25:69:8f:af:ee"
            ],
            "status": "active",
            "tags": [
              "quanux-aleph",
              "quanux-node",
              "quanux-panopticon"
            ],
            "timeouts": null,
            "urn": "do:droplet:558439782",
            "user_data": null,
            "vcpus": 2,
            "volume_ids": [],
            "vpc_uuid": "56f850e6-71cd-4a68-8eab-84cb4397c8cf"
          },
          "sensitive_attributes": [],
          "identity_schema_version": 0,
          "private": "eyJlMmJmYjczMC1lY2FhLTExZTYtOGY4OC0zNDM2M2JjN2M0YzAiOnsiY3JlYXRlIjozNjAwMDAwMDAwMDAwLCJkZWxldGUiOjYwMDAwMDAwMDAwLCJ1cGRhdGUiOjM2MDAwMDAwMDAwMDB9LCJzY2hlbWFfdmVyc2lvbiI6IjEifQ==",
          "dependencies": [
            "digitalocean_vpc.quanux_matrix"
          ]
        }
      ]
    },
    {
      "mode": "managed",
      "type": "digitalocean_droplet",
      "name": "panopticon_ledger",
      "provider": "provider[\"registry.terraform.io/digitalocean/digitalocean\"]",
      "instances": [
        {
          "schema_version": 1,
          "attributes": {
            "backup_policy": [],
            "backups": false,
            "created_at": "2026-03-15T12:23:27Z",
            "disk": 160,
            "droplet_agent": null,
            "graceful_shutdown": false,
            "id": "558439780",
            "image": "ubuntu-24-04-x64",
            "ipv4_address": "161.35.131.148",
            "ipv4_address_private": "10.10.10.13",
            "ipv6": false,
            "ipv6_address": "",
            "locked": false,
            "memory": 8192,
            "monitoring": false,
            "name": "quanux-panopticon-ledger",
            "price_hourly": 0.07143,
            "price_monthly": 48,
            "private_networking": true,
            "region": "nyc3",
            "resize_disk": true,
            "size": "s-4vcpu-8gb",
            "ssh_keys": [
              "d8:f5:81:f5:0b:cb:bc:d5:28:55:c3:25:69:8f:af:ee"
            ],
            "status": "active",
            "tags": [
              "quanux-node",
              "quanux-panopticon"
            ],
            "timeouts": null,
            "urn": "do:droplet:558439780",
            "user_data": null,
            "vcpus": 4,
            "volume_ids": [],
            "vpc_uuid": "56f850e6-71cd-4a68-8eab-84cb4397c8cf"
          },
          "sensitive_attributes": [],
          "identity_schema_version": 0,
          "private": "eyJlMmJmYjczMC1lY2FhLTExZTYtOGY4OC0zNDM2M2JjN2M0YzAiOnsiY3JlYXRlIjozNjAwMDAwMDAwMDAwLCJkZWxldGUiOjYwMDAwMDAwMDAwLCJ1cGRhdGUiOjM2MDAwMDAwMDAwMDB9LCJzY2hlbWFfdmVyc2lvbiI6IjEifQ==",
          "dependencies": [
            "digitalocean_vpc.quanux_matrix"
          ]
        }
      ]
    },
    {
      "mode": "managed",
      "type": "digitalocean_droplet",
      "name": "panopticon_nexus",
      "provider": "provider[\"registry.terraform.io/digitalocean/digitalocean\"]",
      "instances": [
        {
          "schema_version": 1,
          "attributes": {
            "backup_policy": [],
            "backups": false,
            "created_at": "2026-03-15T12:23:27Z",
            "disk": 160,
            "droplet_agent": null,
            "graceful_shutdown": false,
            "id": "558439781",
            "image": "ubuntu-24-04-x64",
            "ipv4_address": "159.203.98.131",
            "ipv4_address_private": "10.10.10.16",
            "ipv6": false,
            "ipv6_address": "",
            "locked": false,
            "memory": 8192,
            "monitoring": false,
            "name": "quanux-panopticon-nexus",
            "price_hourly": 0.07143,
            "price_monthly": 48,
            "private_networking": true,
            "region": "nyc3",
            "resize_disk": true,
            "size": "s-4vcpu-8gb",
            "ssh_keys": [
              "d8:f5:81:f5:0b:cb:bc:d5:28:55:c3:25:69:8f:af:ee"
            ],
            "status": "active",
            "tags": [
              "quanux-aleph",
              "quanux-node",
              "quanux-panopticon"
            ],
            "timeouts": null,
            "urn": "do:droplet:558439781",
            "user_data": null,
            "vcpus": 4,
            "volume_ids": [],
            "vpc_uuid": "56f850e6-71cd-4a68-8eab-84cb4397c8cf"
          },
          "sensitive_attributes": [],
          "identity_schema_version": 0,
          "private": "eyJlMmJmYjczMC1lY2FhLTExZTYtOGY4OC0zNDM2M2JjN2M0YzAiOnsiY3JlYXRlIjozNjAwMDAwMDAwMDAwLCJkZWxldGUiOjYwMDAwMDAwMDAwLCJ1cGRhdGUiOjM2MDAwMDAwMDAwMDB9LCJzY2hlbWFfdmVyc2lvbiI6IjEifQ==",
          "dependencies": [
            "digitalocean_vpc.quanux_matrix"
          ]
        }
      ]
    },
    {
      "mode": "managed",
      "type": "digitalocean_droplet",
      "name": "panopticon_oracle",
      "provider": "provider[\"registry.terraform.io/digitalocean/digitalocean\"]",
      "instances": [
        {
          "schema_version": 1,
          "attributes": {
            "backup_policy": [],
            "backups": false,
            "created_at": "2026-03-15T12:23:27Z",
            "disk": 160,
            "droplet_agent": null,
            "graceful_shutdown": false,
            "id": "558439783",
            "image": "ubuntu-24-04-x64",
            "ipv4_address": "138.197.18.121",
            "ipv4_address_private": "10.10.10.18",
            "ipv6": false,
            "ipv6_address": "",
            "locked": false,
            "memory": 8192,
            "monitoring": false,
            "name": "quanux-panopticon-oracle",
            "price_hourly": 0.07143,
            "price_monthly": 48,
            "private_networking": true,
            "region": "nyc3",
            "resize_disk": true,
            "size": "s-4vcpu-8gb",
            "ssh_keys": [
              "d8:f5:81:f5:0b:cb:bc:d5:28:55:c3:25:69:8f:af:ee"
            ],
            "status": "active",
            "tags": [
              "quanux-aleph",
              "quanux-node",
              "quanux-panopticon"
            ],
            "timeouts": null,
            "urn": "do:droplet:558439783",
            "user_data": null,
            "vcpus": 4,
            "volume_ids": [],
            "vpc_uuid": "56f850e6-71cd-4a68-8eab-84cb4397c8cf"
          },
          "sensitive_attributes": [],
          "identity_schema_version": 0,
          "private": "eyJlMmJmYjczMC1lY2FhLTExZTYtOGY4OC0zNDM2M2JjN2M0YzAiOnsiY3JlYXRlIjozNjAwMDAwMDAwMDAwLCJkZWxldGUiOjYwMDAwMDAwMDAwLCJ1cGRhdGUiOjM2MDAwMDAwMDAwMDB9LCJzY2hlbWFfdmVyc2lvbiI6IjEifQ==",
          "dependencies": [
            "digitalocean_vpc.quanux_matrix"
          ]
        }
      ]
    },
    {
      "mode": "managed",
      "type": "digitalocean_droplet",
      "name": "panopticon_vault",
      "provider": "provider[\"registry.terraform.io/digitalocean/digitalocean\"]",
      "instances": [
        {
          "schema_version": 1,
          "attributes": {
            "backup_policy": [],
            "backups": false,
            "created_at": "2026-03-15T12:23:27Z",
            "disk": 80,
            "droplet_agent": null,
            "graceful_shutdown": false,
            "id": "558439777",
            "image": "ubuntu-24-04-x64",
            "ipv4_address": "104.248.8.108",
            "ipv4_address_private": "10.10.10.11",
            "ipv6": false,
            "ipv6_address": "",
            "locked": false,
            "memory": 4096,
            "monitoring": false,
            "name": "quanux-panopticon-vault",
            "price_hourly": 0.03571,
            "price_monthly": 24,
            "private_networking": true,
            "region": "nyc3",
            "resize_disk": true,
            "size": "s-2vcpu-4gb",
            "ssh_keys": [
              "d8:f5:81:f5:0b:cb:bc:d5:28:55:c3:25:69:8f:af:ee"
            ],
            "status": "active",
            "tags": [
              "quanux-aleph",
              "quanux-node",
              "quanux-panopticon"
            ],
            "timeouts": null,
            "urn": "do:droplet:558439777",
            "user_data": null,
            "vcpus": 2,
            "volume_ids": [],
            "vpc_uuid": "56f850e6-71cd-4a68-8eab-84cb4397c8cf"
          },
          "sensitive_attributes": [],
          "identity_schema_version": 0,
          "private": "eyJlMmJmYjczMC1lY2FhLTExZTYtOGY4OC0zNDM2M2JjN2M0YzAiOnsiY3JlYXRlIjozNjAwMDAwMDAwMDAwLCJkZWxldGUiOjYwMDAwMDAwMDAwLCJ1cGRhdGUiOjM2MDAwMDAwMDAwMDB9LCJzY2hlbWFfdmVyc2lvbiI6IjEifQ==",
          "dependencies": [
            "digitalocean_vpc.quanux_matrix"
          ]
        }
      ]
    },
    {
      "mode": "managed",
      "type": "digitalocean_droplet",
      "name": "quanux_annex_node",
      "provider": "provider[\"registry.terraform.io/digitalocean/digitalocean\"]",
      "instances": [
        {
          "schema_version": 1,
          "attributes": {
            "backup_policy": [],
            "backups": false,
            "created_at": "2026-03-15T12:23:27Z",
            "disk": 25,
            "droplet_agent": null,
            "graceful_shutdown": false,
            "id": "558439784",
            "image": "ubuntu-24-04-x64",
            "ipv4_address": "159.65.254.241",
            "ipv4_address_private": "10.10.10.15",
            "ipv6": false,
            "ipv6_address": "",
            "locked": false,
            "memory": 4096,
            "monitoring": true,
            "name": "quanux-annex-ingestion-01",
            "price_hourly": 0.0625,
            "price_monthly": 42,
            "private_networking": true,
            "region": "nyc3",
            "resize_disk": true,
            "size": "c-2",
            "ssh_keys": [
              "d8:f5:81:f5:0b:cb:bc:d5:28:55:c3:25:69:8f:af:ee"
            ],
            "status": "active",
            "tags": [
              "high-frequency",
              "quanux-annex",
              "quanux-node"
            ],
            "timeouts": null,
            "urn": "do:droplet:558439784",
            "user_data": null,
            "vcpus": 2,
            "volume_ids": [],
            "vpc_uuid": "56f850e6-71cd-4a68-8eab-84cb4397c8cf"
          },
          "sensitive_attributes": [],
          "identity_schema_version": 0,
          "private": "eyJlMmJmYjczMC1lY2FhLTExZTYtOGY4OC0zNDM2M2JjN2M0YzAiOnsiY3JlYXRlIjozNjAwMDAwMDAwMDAwLCJkZWxldGUiOjYwMDAwMDAwMDAwLCJ1cGRhdGUiOjM2MDAwMDAwMDAwMDB9LCJzY2hlbWFfdmVyc2lvbiI6IjEifQ==",
          "dependencies": [
            "digitalocean_vpc.quanux_matrix"
          ]
        }
      ]
    },
    {
      "mode": "managed",
      "type": "digitalocean_firewall",
      "name": "paranoia",
      "provider": "provider[\"registry.terraform.io/digitalocean/digitalocean\"]",
      "instances": [
        {
          "schema_version": 0,
          "attributes": {
            "created_at": "2026-03-15T10:31:48Z",
            "droplet_ids": [
              558439777,
              558439778,
              558439779,
              558439780,
              558439781,
              558439782,
              558439783,
              558439784,
              558439785
            ],
            "id": "b2ee0138-6b7b-4f3c-b60d-bec2f1475abd",
            "inbound_rule": [
              {
                "port_range": "1-65535",
                "protocol": "tcp",
                "source_addresses": [
                  "10.10.10.0/24"
                ],
                "source_droplet_ids": [],
                "source_kubernetes_ids": [],
                "source_load_balancer_uids": [],
                "source_tags": []
              },
              {
                "port_range": "1-65535",
                "protocol": "udp",
                "source_addresses": [
                  "10.10.10.0/24"
                ],
                "source_droplet_ids": [],
                "source_kubernetes_ids": [],
                "source_load_balancer_uids": [],
                "source_tags": []
              },
              {
                "port_range": "22",
                "protocol": "tcp",
                "source_addresses": [
                  "98.117.91.75"
                ],
                "source_droplet_ids": [],
                "source_kubernetes_ids": [],
                "source_load_balancer_uids": [],
                "source_tags": []
              }
            ],
            "name": "quanux-paranoia-firewall",
            "outbound_rule": [
              {
                "destination_addresses": [
                  "0.0.0.0/0",
                  "::/0"
                ],
                "destination_droplet_ids": [],
                "destination_kubernetes_ids": [],
                "destination_load_balancer_uids": [],
                "destination_tags": [],
                "port_range": "",
                "protocol": "icmp"
              },
              {
                "destination_addresses": [
                  "0.0.0.0/0",
                  "::/0"
                ],
                "destination_droplet_ids": [],
                "destination_kubernetes_ids": [],
                "destination_load_balancer_uids": [],
                "destination_tags": [],
                "port_range": "1-65535",
                "protocol": "tcp"
              },
              {
                "destination_addresses": [
                  "0.0.0.0/0",
                  "::/0"
                ],
                "destination_droplet_ids": [],
                "destination_kubernetes_ids": [],
                "destination_load_balancer_uids": [],
                "destination_tags": [],
                "port_range": "1-65535",
                "protocol": "udp"
              }
            ],
            "pending_changes": [
              {
                "droplet_id": 558439777,
                "removing": false,
                "status": "waiting"
              },
              {
                "droplet_id": 558439778,
                "removing": false,
                "status": "waiting"
              },
              {
                "droplet_id": 558439779,
                "removing": false,
                "status": "waiting"
              },
              {
                "droplet_id": 558439780,
                "removing": false,
                "status": "waiting"
              },
              {
                "droplet_id": 558439781,
                "removing": false,
                "status": "waiting"
              },
              {
                "droplet_id": 558439782,
                "removing": false,
                "status": "waiting"
              },
              {
                "droplet_id": 558439783,
                "removing": false,
                "status": "waiting"
              },
              {
                "droplet_id": 558439784,
                "removing": false,
                "status": "waiting"
              },
              {
                "droplet_id": 558439785,
                "removing": false,
                "status": "waiting"
              }
            ],
            "status": "waiting",
            "tags": []
          },
          "sensitive_attributes": [],
          "identity_schema_version": 0,
          "private": "bnVsbA==",
          "dependencies": [
            "digitalocean_droplet.edge_nyc",
            "digitalocean_droplet.edge_nyc_2",
            "digitalocean_droplet.panopticon_buffer",
            "digitalocean_droplet.panopticon_forge",
            "digitalocean_droplet.panopticon_ledger",
            "digitalocean_droplet.panopticon_nexus",
            "digitalocean_droplet.panopticon_oracle",
            "digitalocean_droplet.panopticon_vault",
            "digitalocean_droplet.quanux_annex_node",
            "digitalocean_vpc.quanux_matrix"
          ]
        }
      ]
    },
    {
      "mode": "managed",
      "type": "digitalocean_spaces_bucket",
      "name": "quanux_zarr_vault",
      "provider": "provider[\"registry.terraform.io/digitalocean/digitalocean\"]",
      "instances": [
        {
          "schema_version": 0,
          "attributes": {
            "acl": "private",
            "bucket_domain_name": "quanux-deep-lake.nyc3.digitaloceanspaces.com",
            "cors_rule": [],
            "endpoint": "nyc3.digitaloceanspaces.com",
            "force_destroy": false,
            "id": "quanux-deep-lake",
            "lifecycle_rule": [],
            "name": "quanux-deep-lake",
            "region": "nyc3",
            "urn": "do:space:quanux-deep-lake",
            "versioning": [
              {
                "enabled": false
              }
            ]
          },
          "sensitive_attributes": [],
          "identity_schema_version": 0,
          "private": "bnVsbA=="
        }
      ]
    },
    {
      "mode": "managed",
      "type": "digitalocean_vpc",
      "name": "quanux_matrix",
      "provider": "provider[\"registry.terraform.io/digitalocean/digitalocean\"]",
      "instances": [
        {
          "schema_version": 0,
          "attributes": {
            "created_at": "2026-03-15 10:31:03 +0000 UTC",
            "default": false,
            "description": "Absolute isolated global mesh routing for QuanuX nodes.",
            "id": "56f850e6-71cd-4a68-8eab-84cb4397c8cf",
            "ip_range": "10.10.10.0/24",
            "name": "quanux-vpc-matrix",
            "region": "nyc3",
            "timeouts": null,
            "urn": "do:vpc:56f850e6-71cd-4a68-8eab-84cb4397c8cf"
          },
          "sensitive_attributes": [],
          "identity_schema_version": 0,
          "private": "eyJlMmJmYjczMC1lY2FhLTExZTYtOGY4OC0zNDM2M2JjN2M0YzAiOnsiZGVsZXRlIjoxMjAwMDAwMDAwMDB9fQ=="
        }
      ]
    }
  ],
  "check_results": null
}
